// !$*UTF8*$!
{
	archiveVersion = 1;
	classes = {
	};
	objectVersion = 56;
	objects = {

/* Begin PBXBuildFile section */
		3E109D822C6BB30C00E06480 /* HomeRecommendViewModel.swift in Sources */ = {isa = PBXBuildFile; fileRef = 3E109D812C6BB30C00E06480 /* HomeRecommendViewModel.swift */; };
		3E109D852C6E5D0200E06480 /* HomeRankingHeaderView.swift in Sources */ = {isa = PBXBuildFile; fileRef = 3E109D832C6E5D0200E06480 /* HomeRankingHeaderView.swift */; };
		3E109D862C6E5D0200E06480 /* HomeRankingHeaderView.xib in Resources */ = {isa = PBXBuildFile; fileRef = 3E109D842C6E5D0200E06480 /* HomeRankingHeaderView.xib */; };
		3E109D892C6F418700E06480 /* MyViewController.swift in Sources */ = {isa = PBXBuildFile; fileRef = 3E109D882C6F418700E06480 /* MyViewController.swift */; };
		3E109D8D2C6F48EC00E06480 /* FavoriteViewController.swift in Sources */ = {isa = PBXBuildFile; fileRef = 3E109D8C2C6F48EC00E06480 /* FavoriteViewController.swift */; };
		3E109D8F2C6F48F500E06480 /* FavoriteViewModel.swift in Sources */ = {isa = PBXBuildFile; fileRef = 3E109D8E2C6F48F500E06480 /* FavoriteViewModel.swift */; };
		3E109D922C6F495300E06480 /* BookmarkCell.swift in Sources */ = {isa = PBXBuildFile; fileRef = 3E109D902C6F495300E06480 /* BookmarkCell.swift */; };
		3E109D932C6F495300E06480 /* BookmarkCell.xib in Resources */ = {isa = PBXBuildFile; fileRef = 3E109D912C6F495300E06480 /* BookmarkCell.xib */; };
		3E109D952C6F496000E06480 /* BookmarkViewController.swift in Sources */ = {isa = PBXBuildFile; fileRef = 3E109D942C6F496000E06480 /* BookmarkViewController.swift */; };
		3E109D972C6F496B00E06480 /* BookmarkViewModel.swift in Sources */ = {isa = PBXBuildFile; fileRef = 3E109D962C6F496B00E06480 /* BookmarkViewModel.swift */; };
		3E109D992C6F4E4F00E06480 /* Bookmark.swift in Sources */ = {isa = PBXBuildFile; fileRef = 3E109D982C6F4E4F00E06480 /* Bookmark.swift */; };
		3E109D9B2C6F4E5F00E06480 /* Favorite.swift in Sources */ = {isa = PBXBuildFile; fileRef = 3E109D9A2C6F4E5F00E06480 /* Favorite.swift */; };
		3E109D9D2C6F4E6D00E06480 /* VideoListItem.swift in Sources */ = {isa = PBXBuildFile; fileRef = 3E109D9C2C6F4E6D00E06480 /* VideoListItem.swift */; };
		3E109DA12C6F69A100E06480 /* VideoViewController.swift in Sources */ = {isa = PBXBuildFile; fileRef = 3E109D9F2C6F69A100E06480 /* VideoViewController.swift */; };
		3E109DA22C6F69A100E06480 /* VideoViewController.xib in Resources */ = {isa = PBXBuildFile; fileRef = 3E109DA02C6F69A100E06480 /* VideoViewController.xib */; };
		3E1906842C55FB8100494E62 /* HomeHeaderView.xib in Resources */ = {isa = PBXBuildFile; fileRef = 3E1906832C55FB8100494E62 /* HomeHeaderView.xib */; };
		3E1906852C55FB8100494E62 /* HomeHeaderView.swift in Sources */ = {isa = PBXBuildFile; fileRef = 3E1906822C55FB8100494E62 /* HomeHeaderView.swift */; };
		3E1906882C55FC3300494E62 /* HomeRecommendContainerCell.xib in Resources */ = {isa = PBXBuildFile; fileRef = 3E1906872C55FC3300494E62 /* HomeRecommendContainerCell.xib */; };
		3E1906892C55FC3300494E62 /* HomeRecommendContainerCell.swift in Sources */ = {isa = PBXBuildFile; fileRef = 3E1906862C55FC3300494E62 /* HomeRecommendContainerCell.swift */; };
		3E19068C2C55FC5000494E62 /* HomeFooterView.xib in Resources */ = {isa = PBXBuildFile; fileRef = 3E19068B2C55FC5000494E62 /* HomeFooterView.xib */; };
		3E19068D2C55FC5000494E62 /* HomeFooterView.swift in Sources */ = {isa = PBXBuildFile; fileRef = 3E19068A2C55FC5000494E62 /* HomeFooterView.swift */; };
		3E19068F2C55FC6300494E62 /* HomeViewModel.swift in Sources */ = {isa = PBXBuildFile; fileRef = 3E19068E2C55FC6300494E62 /* HomeViewModel.swift */; };
		3E1906922C55FE5C00494E62 /* VideoListItemCell.xib in Resources */ = {isa = PBXBuildFile; fileRef = 3E1906912C55FE5C00494E62 /* VideoListItemCell.xib */; };
		3E1906932C55FE5C00494E62 /* VideoListItemCell.swift in Sources */ = {isa = PBXBuildFile; fileRef = 3E1906902C55FE5C00494E62 /* VideoListItemCell.swift */; };
		3E1906952C5606BC00494E62 /* Delegate.README in Resources */ = {isa = PBXBuildFile; fileRef = 3E1906942C5606BC00494E62 /* Delegate.README */; };
		3E1906982C5630B300494E62 /* HomeRankingContainerCell.xib in Resources */ = {isa = PBXBuildFile; fileRef = 3E1906972C5630B300494E62 /* HomeRankingContainerCell.xib */; };
		3E1906992C5630B300494E62 /* HomeRankingContainerCell.swift in Sources */ = {isa = PBXBuildFile; fileRef = 3E1906962C5630B300494E62 /* HomeRankingContainerCell.swift */; };
		3E19069C2C5630EA00494E62 /* HomeRecentWatchContainerCell.xib in Resources */ = {isa = PBXBuildFile; fileRef = 3E19069B2C5630EA00494E62 /* HomeRecentWatchContainerCell.xib */; };
		3E19069D2C5630EA00494E62 /* HomeRecentWatchContainerCell.swift in Sources */ = {isa = PBXBuildFile; fileRef = 3E19069A2C5630EA00494E62 /* HomeRecentWatchContainerCell.swift */; };
		3E1906A02C56311000494E62 /* HomeRecentWatchItemCell.xib in Resources */ = {isa = PBXBuildFile; fileRef = 3E19069F2C56311000494E62 /* HomeRecentWatchItemCell.xib */; };
		3E1906A12C56311000494E62 /* HomeRecentWatchItemCell.swift in Sources */ = {isa = PBXBuildFile; fileRef = 3E19069E2C56311000494E62 /* HomeRecentWatchItemCell.swift */; };
		3E1906A42C56337F00494E62 /* HomeRankingItemCell.xib in Resources */ = {isa = PBXBuildFile; fileRef = 3E1906A32C56337F00494E62 /* HomeRankingItemCell.xib */; };
		3E1906A52C56337F00494E62 /* HomeRankingItemCell.swift in Sources */ = {isa = PBXBuildFile; fileRef = 3E1906A22C56337F00494E62 /* HomeRankingItemCell.swift */; };
		3E1906AA2C566A0500494E62 /* Home.swift in Sources */ = {isa = PBXBuildFile; fileRef = 3E1906A92C566A0500494E62 /* Home.swift */; };
		3E1906B02C566A5000494E62 /* video.json in Resources */ = {isa = PBXBuildFile; fileRef = 3E1906AB2C566A4F00494E62 /* video.json */; };
		3E1906B12C566A5000494E62 /* home.json in Resources */ = {isa = PBXBuildFile; fileRef = 3E1906AC2C566A4F00494E62 /* home.json */; };
		3E1906B22C566A5000494E62 /* bookmark.json in Resources */ = {isa = PBXBuildFile; fileRef = 3E1906AD2C566A4F00494E62 /* bookmark.json */; };
		3E1906B32C566A5000494E62 /* favorite.json in Resources */ = {isa = PBXBuildFile; fileRef = 3E1906AE2C566A4F00494E62 /* favorite.json */; };
		3E1906B42C566A5000494E62 /* live.json in Resources */ = {isa = PBXBuildFile; fileRef = 3E1906AF2C566A4F00494E62 /* live.json */; };
		3E1906B72C5BD36700494E62 /* DataLoader.swift in Sources */ = {isa = PBXBuildFile; fileRef = 3E1906B62C5BD36700494E62 /* DataLoader.swift */; };
		3E1906B92C5BD38100494E62 /* UIImageView+Task.swift in Sources */ = {isa = PBXBuildFile; fileRef = 3E1906B82C5BD38100494E62 /* UIImageView+Task.swift */; };
		3E1906BB2C5BD45F00494E62 /* URLDefines.swift in Sources */ = {isa = PBXBuildFile; fileRef = 3E1906BA2C5BD45F00494E62 /* URLDefines.swift */; };
		3E3522F02C54E0970015CCE0 /* Color.xcassets in Resources */ = {isa = PBXBuildFile; fileRef = 3E3522EF2C54E0970015CCE0 /* Color.xcassets */; };
		3E9835E42C54EED9008B2351 /* HomeViewController.swift in Sources */ = {isa = PBXBuildFile; fileRef = 3E9835E32C54EED9008B2351 /* HomeViewController.swift */; };
		3E9835E82C54F082008B2351 /* HomeVideoCell.xib in Resources */ = {isa = PBXBuildFile; fileRef = 3E9835E72C54F082008B2351 /* HomeVideoCell.xib */; };
		3E9835E92C54F082008B2351 /* HomeVideoCell.swift in Sources */ = {isa = PBXBuildFile; fileRef = 3E9835E62C54F082008B2351 /* HomeVideoCell.swift */; };
		3E9835EC2C551672008B2351 /* HomeSection.swift in Sources */ = {isa = PBXBuildFile; fileRef = 3E9835EB2C551672008B2351 /* HomeSection.swift */; };
		3E9835F02C552791008B2351 /* TabBarController.swift in Sources */ = {isa = PBXBuildFile; fileRef = 3E9835EF2C552791008B2351 /* TabBarController.swift */; };
		3EDF92602BFE30A500FC19DE /* AppDelegate.swift in Sources */ = {isa = PBXBuildFile; fileRef = 3EDF925F2BFE30A500FC19DE /* AppDelegate.swift */; };
		3EDF92622BFE30A500FC19DE /* SceneDelegate.swift in Sources */ = {isa = PBXBuildFile; fileRef = 3EDF92612BFE30A500FC19DE /* SceneDelegate.swift */; };
		3EDF92642BFE30A500FC19DE /* LoginViewController.swift in Sources */ = {isa = PBXBuildFile; fileRef = 3EDF92632BFE30A500FC19DE /* LoginViewController.swift */; };
		3EDF92672BFE30A500FC19DE /* Base in Resources */ = {isa = PBXBuildFile; fileRef = 3EDF92662BFE30A500FC19DE /* Base */; };
		3EDF92692BFE30A600FC19DE /* Assets.xcassets in Resources */ = {isa = PBXBuildFile; fileRef = 3EDF92682BFE30A600FC19DE /* Assets.xcassets */; };
		3EDF926C2BFE30A600FC19DE /* Base in Resources */ = {isa = PBXBuildFile; fileRef = 3EDF926B2BFE30A600FC19DE /* Base */; };
		3EDF92772BFE30A600FC19DE /* KTVTests.swift in Sources */ = {isa = PBXBuildFile; fileRef = 3EDF92762BFE30A600FC19DE /* KTVTests.swift */; };
		3EDF92812BFE30A600FC19DE /* KTVUITests.swift in Sources */ = {isa = PBXBuildFile; fileRef = 3EDF92802BFE30A600FC19DE /* KTVUITests.swift */; };
		3EDF92832BFE30A600FC19DE /* KTVUITestsLaunchTests.swift in Sources */ = {isa = PBXBuildFile; fileRef = 3EDF92822BFE30A600FC19DE /* KTVUITestsLaunchTests.swift */; };
/* End PBXBuildFile section */

/* Begin PBXContainerItemProxy section */
		3EDF92732BFE30A600FC19DE /* PBXContainerItemProxy */ = {
			isa = PBXContainerItemProxy;
			containerPortal = 3EDF92542BFE30A500FC19DE /* Project object */;
			proxyType = 1;
			remoteGlobalIDString = 3EDF925B2BFE30A500FC19DE;
			remoteInfo = KTV;
		};
		3EDF927D2BFE30A600FC19DE /* PBXContainerItemProxy */ = {
			isa = PBXContainerItemProxy;
			containerPortal = 3EDF92542BFE30A500FC19DE /* Project object */;
			proxyType = 1;
			remoteGlobalIDString = 3EDF925B2BFE30A500FC19DE;
			remoteInfo = KTV;
		};
/* End PBXContainerItemProxy section */

/* Begin PBXFileReference section */
		3E109D812C6BB30C00E06480 /* HomeRecommendViewModel.swift */ = {isa = PBXFileReference; lastKnownFileType = sourcecode.swift; path = HomeRecommendViewModel.swift; sourceTree = "<group>"; };
		3E109D832C6E5D0200E06480 /* HomeRankingHeaderView.swift */ = {isa = PBXFileReference; lastKnownFileType = sourcecode.swift; path = HomeRankingHeaderView.swift; sourceTree = "<group>"; };
		3E109D842C6E5D0200E06480 /* HomeRankingHeaderView.xib */ = {isa = PBXFileReference; lastKnownFileType = file.xib; path = HomeRankingHeaderView.xib; sourceTree = "<group>"; };
		3E109D882C6F418700E06480 /* MyViewController.swift */ = {isa = PBXFileReference; lastKnownFileType = sourcecode.swift; path = MyViewController.swift; sourceTree = "<group>"; };
		3E109D8C2C6F48EC00E06480 /* FavoriteViewController.swift */ = {isa = PBXFileReference; lastKnownFileType = sourcecode.swift; path = FavoriteViewController.swift; sourceTree = "<group>"; };
		3E109D8E2C6F48F500E06480 /* FavoriteViewModel.swift */ = {isa = PBXFileReference; lastKnownFileType = sourcecode.swift; path = FavoriteViewModel.swift; sourceTree = "<group>"; };
		3E109D902C6F495300E06480 /* BookmarkCell.swift */ = {isa = PBXFileReference; lastKnownFileType = sourcecode.swift; path = BookmarkCell.swift; sourceTree = "<group>"; };
		3E109D912C6F495300E06480 /* BookmarkCell.xib */ = {isa = PBXFileReference; lastKnownFileType = file.xib; path = BookmarkCell.xib; sourceTree = "<group>"; };
		3E109D942C6F496000E06480 /* BookmarkViewController.swift */ = {isa = PBXFileReference; lastKnownFileType = sourcecode.swift; path = BookmarkViewController.swift; sourceTree = "<group>"; };
		3E109D962C6F496B00E06480 /* BookmarkViewModel.swift */ = {isa = PBXFileReference; lastKnownFileType = sourcecode.swift; path = BookmarkViewModel.swift; sourceTree = "<group>"; };
		3E109D982C6F4E4F00E06480 /* Bookmark.swift */ = {isa = PBXFileReference; lastKnownFileType = sourcecode.swift; path = Bookmark.swift; sourceTree = "<group>"; };
		3E109D9A2C6F4E5F00E06480 /* Favorite.swift */ = {isa = PBXFileReference; lastKnownFileType = sourcecode.swift; path = Favorite.swift; sourceTree = "<group>"; };
		3E109D9C2C6F4E6D00E06480 /* VideoListItem.swift */ = {isa = PBXFileReference; lastKnownFileType = sourcecode.swift; path = VideoListItem.swift; sourceTree = "<group>"; };
		3E109D9F2C6F69A100E06480 /* VideoViewController.swift */ = {isa = PBXFileReference; lastKnownFileType = sourcecode.swift; path = VideoViewController.swift; sourceTree = "<group>"; };
		3E109DA02C6F69A100E06480 /* VideoViewController.xib */ = {isa = PBXFileReference; lastKnownFileType = file.xib; path = VideoViewController.xib; sourceTree = "<group>"; };
		3E1906822C55FB8100494E62 /* HomeHeaderView.swift */ = {isa = PBXFileReference; lastKnownFileType = sourcecode.swift; path = HomeHeaderView.swift; sourceTree = "<group>"; };
		3E1906832C55FB8100494E62 /* HomeHeaderView.xib */ = {isa = PBXFileReference; lastKnownFileType = file.xib; path = HomeHeaderView.xib; sourceTree = "<group>"; };
		3E1906862C55FC3300494E62 /* HomeRecommendContainerCell.swift */ = {isa = PBXFileReference; lastKnownFileType = sourcecode.swift; path = HomeRecommendContainerCell.swift; sourceTree = "<group>"; };
		3E1906872C55FC3300494E62 /* HomeRecommendContainerCell.xib */ = {isa = PBXFileReference; lastKnownFileType = file.xib; path = HomeRecommendContainerCell.xib; sourceTree = "<group>"; };
		3E19068A2C55FC5000494E62 /* HomeFooterView.swift */ = {isa = PBXFileReference; lastKnownFileType = sourcecode.swift; path = HomeFooterView.swift; sourceTree = "<group>"; };
		3E19068B2C55FC5000494E62 /* HomeFooterView.xib */ = {isa = PBXFileReference; lastKnownFileType = file.xib; path = HomeFooterView.xib; sourceTree = "<group>"; };
		3E19068E2C55FC6300494E62 /* HomeViewModel.swift */ = {isa = PBXFileReference; lastKnownFileType = sourcecode.swift; path = HomeViewModel.swift; sourceTree = "<group>"; };
		3E1906902C55FE5C00494E62 /* VideoListItemCell.swift */ = {isa = PBXFileReference; lastKnownFileType = sourcecode.swift; path = VideoListItemCell.swift; sourceTree = "<group>"; };
		3E1906912C55FE5C00494E62 /* VideoListItemCell.xib */ = {isa = PBXFileReference; lastKnownFileType = file.xib; path = VideoListItemCell.xib; sourceTree = "<group>"; };
		3E1906942C5606BC00494E62 /* Delegate.README */ = {isa = PBXFileReference; lastKnownFileType = text; path = Delegate.README; sourceTree = "<group>"; };
		3E1906962C5630B300494E62 /* HomeRankingContainerCell.swift */ = {isa = PBXFileReference; lastKnownFileType = sourcecode.swift; path = HomeRankingContainerCell.swift; sourceTree = "<group>"; };
		3E1906972C5630B300494E62 /* HomeRankingContainerCell.xib */ = {isa = PBXFileReference; lastKnownFileType = file.xib; path = HomeRankingContainerCell.xib; sourceTree = "<group>"; };
		3E19069A2C5630EA00494E62 /* HomeRecentWatchContainerCell.swift */ = {isa = PBXFileReference; lastKnownFileType = sourcecode.swift; path = HomeRecentWatchContainerCell.swift; sourceTree = "<group>"; };
		3E19069B2C5630EA00494E62 /* HomeRecentWatchContainerCell.xib */ = {isa = PBXFileReference; lastKnownFileType = file.xib; path = HomeRecentWatchContainerCell.xib; sourceTree = "<group>"; };
		3E19069E2C56311000494E62 /* HomeRecentWatchItemCell.swift */ = {isa = PBXFileReference; lastKnownFileType = sourcecode.swift; path = HomeRecentWatchItemCell.swift; sourceTree = "<group>"; };
		3E19069F2C56311000494E62 /* HomeRecentWatchItemCell.xib */ = {isa = PBXFileReference; lastKnownFileType = file.xib; path = HomeRecentWatchItemCell.xib; sourceTree = "<group>"; };
		3E1906A22C56337F00494E62 /* HomeRankingItemCell.swift */ = {isa = PBXFileReference; lastKnownFileType = sourcecode.swift; path = HomeRankingItemCell.swift; sourceTree = "<group>"; };
		3E1906A32C56337F00494E62 /* HomeRankingItemCell.xib */ = {isa = PBXFileReference; lastKnownFileType = file.xib; path = HomeRankingItemCell.xib; sourceTree = "<group>"; };
		3E1906A92C566A0500494E62 /* Home.swift */ = {isa = PBXFileReference; lastKnownFileType = sourcecode.swift; path = Home.swift; sourceTree = "<group>"; };
		3E1906AB2C566A4F00494E62 /* video.json */ = {isa = PBXFileReference; fileEncoding = 4; lastKnownFileType = text.json; path = video.json; sourceTree = "<group>"; };
		3E1906AC2C566A4F00494E62 /* home.json */ = {isa = PBXFileReference; fileEncoding = 4; lastKnownFileType = text.json; path = home.json; sourceTree = "<group>"; };
		3E1906AD2C566A4F00494E62 /* bookmark.json */ = {isa = PBXFileReference; fileEncoding = 4; lastKnownFileType = text.json; path = bookmark.json; sourceTree = "<group>"; };
		3E1906AE2C566A4F00494E62 /* favorite.json */ = {isa = PBXFileReference; fileEncoding = 4; lastKnownFileType = text.json; path = favorite.json; sourceTree = "<group>"; };
		3E1906AF2C566A4F00494E62 /* live.json */ = {isa = PBXFileReference; fileEncoding = 4; lastKnownFileType = text.json; path = live.json; sourceTree = "<group>"; };
		3E1906B62C5BD36700494E62 /* DataLoader.swift */ = {isa = PBXFileReference; lastKnownFileType = sourcecode.swift; path = DataLoader.swift; sourceTree = "<group>"; };
		3E1906B82C5BD38100494E62 /* UIImageView+Task.swift */ = {isa = PBXFileReference; lastKnownFileType = sourcecode.swift; path = "UIImageView+Task.swift"; sourceTree = "<group>"; };
		3E1906BA2C5BD45F00494E62 /* URLDefines.swift */ = {isa = PBXFileReference; lastKnownFileType = sourcecode.swift; path = URLDefines.swift; sourceTree = "<group>"; };
		3E3522EF2C54E0970015CCE0 /* Color.xcassets */ = {isa = PBXFileReference; lastKnownFileType = folder.assetcatalog; path = Color.xcassets; sourceTree = "<group>"; };
		3E9835E32C54EED9008B2351 /* HomeViewController.swift */ = {isa = PBXFileReference; lastKnownFileType = sourcecode.swift; path = HomeViewController.swift; sourceTree = "<group>"; };
		3E9835E62C54F082008B2351 /* HomeVideoCell.swift */ = {isa = PBXFileReference; lastKnownFileType = sourcecode.swift; path = HomeVideoCell.swift; sourceTree = "<group>"; };
		3E9835E72C54F082008B2351 /* HomeVideoCell.xib */ = {isa = PBXFileReference; lastKnownFileType = file.xib; path = HomeVideoCell.xib; sourceTree = "<group>"; };
		3E9835EB2C551672008B2351 /* HomeSection.swift */ = {isa = PBXFileReference; lastKnownFileType = sourcecode.swift; path = HomeSection.swift; sourceTree = "<group>"; };
		3E9835EF2C552791008B2351 /* TabBarController.swift */ = {isa = PBXFileReference; lastKnownFileType = sourcecode.swift; path = TabBarController.swift; sourceTree = "<group>"; };
		3EDF925C2BFE30A500FC19DE /* KTV.app */ = {isa = PBXFileReference; explicitFileType = wrapper.application; includeInIndex = 0; path = KTV.app; sourceTree = BUILT_PRODUCTS_DIR; };
		3EDF925F2BFE30A500FC19DE /* AppDelegate.swift */ = {isa = PBXFileReference; lastKnownFileType = sourcecode.swift; path = AppDelegate.swift; sourceTree = "<group>"; };
		3EDF92612BFE30A500FC19DE /* SceneDelegate.swift */ = {isa = PBXFileReference; lastKnownFileType = sourcecode.swift; path = SceneDelegate.swift; sourceTree = "<group>"; };
		3EDF92632BFE30A500FC19DE /* LoginViewController.swift */ = {isa = PBXFileReference; lastKnownFileType = sourcecode.swift; path = LoginViewController.swift; sourceTree = "<group>"; };
		3EDF92662BFE30A500FC19DE /* Base */ = {isa = PBXFileReference; lastKnownFileType = file.storyboard; name = Base; path = Base.lproj/Main.storyboard; sourceTree = "<group>"; };
		3EDF92682BFE30A600FC19DE /* Assets.xcassets */ = {isa = PBXFileReference; lastKnownFileType = folder.assetcatalog; path = Assets.xcassets; sourceTree = "<group>"; };
		3EDF926B2BFE30A600FC19DE /* Base */ = {isa = PBXFileReference; lastKnownFileType = file.storyboard; name = Base; path = Base.lproj/LaunchScreen.storyboard; sourceTree = "<group>"; };
		3EDF926D2BFE30A600FC19DE /* Info.plist */ = {isa = PBXFileReference; lastKnownFileType = text.plist.xml; path = Info.plist; sourceTree = "<group>"; };
		3EDF92722BFE30A600FC19DE /* KTVTests.xctest */ = {isa = PBXFileReference; explicitFileType = wrapper.cfbundle; includeInIndex = 0; path = KTVTests.xctest; sourceTree = BUILT_PRODUCTS_DIR; };
		3EDF92762BFE30A600FC19DE /* KTVTests.swift */ = {isa = PBXFileReference; lastKnownFileType = sourcecode.swift; path = KTVTests.swift; sourceTree = "<group>"; };
		3EDF927C2BFE30A600FC19DE /* KTVUITests.xctest */ = {isa = PBXFileReference; explicitFileType = wrapper.cfbundle; includeInIndex = 0; path = KTVUITests.xctest; sourceTree = BUILT_PRODUCTS_DIR; };
		3EDF92802BFE30A600FC19DE /* KTVUITests.swift */ = {isa = PBXFileReference; lastKnownFileType = sourcecode.swift; path = KTVUITests.swift; sourceTree = "<group>"; };
		3EDF92822BFE30A600FC19DE /* KTVUITestsLaunchTests.swift */ = {isa = PBXFileReference; lastKnownFileType = sourcecode.swift; path = KTVUITestsLaunchTests.swift; sourceTree = "<group>"; };
/* End PBXFileReference section */

/* Begin PBXFrameworksBuildPhase section */
		3EDF92592BFE30A500FC19DE /* Frameworks */ = {
			isa = PBXFrameworksBuildPhase;
			buildActionMask = 2147483647;
			files = (
			);
			runOnlyForDeploymentPostprocessing = 0;
		};
		3EDF926F2BFE30A600FC19DE /* Frameworks */ = {
			isa = PBXFrameworksBuildPhase;
			buildActionMask = 2147483647;
			files = (
			);
			runOnlyForDeploymentPostprocessing = 0;
		};
		3EDF92792BFE30A600FC19DE /* Frameworks */ = {
			isa = PBXFrameworksBuildPhase;
			buildActionMask = 2147483647;
			files = (
			);
			runOnlyForDeploymentPostprocessing = 0;
		};
/* End PBXFrameworksBuildPhase section */

/* Begin PBXGroup section */
		3E109D872C6F359500E06480 /* My */ = {
			isa = PBXGroup;
			children = (
				3E109D882C6F418700E06480 /* MyViewController.swift */,
				3E109D8B2C6F419A00E06480 /* Bookmark */,
				3E109D8A2C6F419300E06480 /* Favorite */,
			);
			path = My;
			sourceTree = "<group>";
		};
		3E109D8A2C6F419300E06480 /* Favorite */ = {
			isa = PBXGroup;
			children = (
				3E109D8C2C6F48EC00E06480 /* FavoriteViewController.swift */,
				3E109D8E2C6F48F500E06480 /* FavoriteViewModel.swift */,
			);
			path = Favorite;
			sourceTree = "<group>";
		};
		3E109D8B2C6F419A00E06480 /* Bookmark */ = {
			isa = PBXGroup;
			children = (
				3E109D902C6F495300E06480 /* BookmarkCell.swift */,
				3E109D912C6F495300E06480 /* BookmarkCell.xib */,
				3E109D942C6F496000E06480 /* BookmarkViewController.swift */,
				3E109D962C6F496B00E06480 /* BookmarkViewModel.swift */,
			);
			path = Bookmark;
			sourceTree = "<group>";
		};
		3E109D9E2C6F695100E06480 /* Video */ = {
			isa = PBXGroup;
			children = (
				3E109D9F2C6F69A100E06480 /* VideoViewController.swift */,
				3E109DA02C6F69A100E06480 /* VideoViewController.xib */,
			);
			path = Video;
			sourceTree = "<group>";
		};
		3E1906A62C5669C200494E62 /* Model */ = {
			isa = PBXGroup;
			children = (
				3E1906A92C566A0500494E62 /* Home.swift */,
				3E109D982C6F4E4F00E06480 /* Bookmark.swift */,
				3E109D9A2C6F4E5F00E06480 /* Favorite.swift */,
				3E109D9C2C6F4E6D00E06480 /* VideoListItem.swift */,
			);
			path = Model;
			sourceTree = "<group>";
		};
		3E1906A72C5669CC00494E62 /* JSON */ = {
			isa = PBXGroup;
			children = (
				3E1906AD2C566A4F00494E62 /* bookmark.json */,
				3E1906AE2C566A4F00494E62 /* favorite.json */,
				3E1906AC2C566A4F00494E62 /* home.json */,
				3E1906AF2C566A4F00494E62 /* live.json */,
				3E1906AB2C566A4F00494E62 /* video.json */,
			);
			path = JSON;
			sourceTree = "<group>";
		};
		3E1906A82C5669E500494E62 /* URLDefines */ = {
			isa = PBXGroup;
			children = (
				3E1906BA2C5BD45F00494E62 /* URLDefines.swift */,
			);
			path = URLDefines;
			sourceTree = "<group>";
		};
		3E1906B52C5BD35200494E62 /* Util */ = {
			isa = PBXGroup;
			children = (
				3E1906B62C5BD36700494E62 /* DataLoader.swift */,
				3E1906B82C5BD38100494E62 /* UIImageView+Task.swift */,
			);
			path = Util;
			sourceTree = "<group>";
		};
		3E9835E22C54EE85008B2351 /* Home */ = {
			isa = PBXGroup;
			children = (
				3E9835EB2C551672008B2351 /* HomeSection.swift */,
				3E19068E2C55FC6300494E62 /* HomeViewModel.swift */,
				3E109D812C6BB30C00E06480 /* HomeRecommendViewModel.swift */,
				3E9835E32C54EED9008B2351 /* HomeViewController.swift */,
				3E9835E52C54F022008B2351 /* Cell */,
			);
			path = Home;
			sourceTree = "<group>";
		};
		3E9835E52C54F022008B2351 /* Cell */ = {
			isa = PBXGroup;
			children = (
				3E1906942C5606BC00494E62 /* Delegate.README */,
				3E1906822C55FB8100494E62 /* HomeHeaderView.swift */,
				3E1906832C55FB8100494E62 /* HomeHeaderView.xib */,
				3E9835E62C54F082008B2351 /* HomeVideoCell.swift */,
				3E9835E72C54F082008B2351 /* HomeVideoCell.xib */,
				3E109D832C6E5D0200E06480 /* HomeRankingHeaderView.swift */,
				3E109D842C6E5D0200E06480 /* HomeRankingHeaderView.xib */,
				3E1906962C5630B300494E62 /* HomeRankingContainerCell.swift */,
				3E1906972C5630B300494E62 /* HomeRankingContainerCell.xib */,
				3E1906A22C56337F00494E62 /* HomeRankingItemCell.swift */,
				3E1906A32C56337F00494E62 /* HomeRankingItemCell.xib */,
				3E19069A2C5630EA00494E62 /* HomeRecentWatchContainerCell.swift */,
				3E19069B2C5630EA00494E62 /* HomeRecentWatchContainerCell.xib */,
				3E19069E2C56311000494E62 /* HomeRecentWatchItemCell.swift */,
				3E19069F2C56311000494E62 /* HomeRecentWatchItemCell.xib */,
				3E1906862C55FC3300494E62 /* HomeRecommendContainerCell.swift */,
				3E1906872C55FC3300494E62 /* HomeRecommendContainerCell.xib */,
				3E1906902C55FE5C00494E62 /* VideoListItemCell.swift */,
				3E1906912C55FE5C00494E62 /* VideoListItemCell.xib */,
				3E19068A2C55FC5000494E62 /* HomeFooterView.swift */,
				3E19068B2C55FC5000494E62 /* HomeFooterView.xib */,
			);
			path = Cell;
			sourceTree = "<group>";
		};
		3E9835EA2C550F50008B2351 /* Login */ = {
			isa = PBXGroup;
			children = (
				3EDF92632BFE30A500FC19DE /* LoginViewController.swift */,
			);
			path = Login;
			sourceTree = "<group>";
		};
		3EDF92532BFE30A500FC19DE = {
			isa = PBXGroup;
			children = (
				3EDF925E2BFE30A500FC19DE /* KTV */,
				3EDF92752BFE30A600FC19DE /* KTVTests */,
				3EDF927F2BFE30A600FC19DE /* KTVUITests */,
				3EDF925D2BFE30A500FC19DE /* Products */,
			);
			sourceTree = "<group>";
		};
		3EDF925D2BFE30A500FC19DE /* Products */ = {
			isa = PBXGroup;
			children = (
				3EDF925C2BFE30A500FC19DE /* KTV.app */,
				3EDF92722BFE30A600FC19DE /* KTVTests.xctest */,
				3EDF927C2BFE30A600FC19DE /* KTVUITests.xctest */,
			);
			name = Products;
			sourceTree = "<group>";
		};
		3EDF925E2BFE30A500FC19DE /* KTV */ = {
			isa = PBXGroup;
			children = (
				3EDF925F2BFE30A500FC19DE /* AppDelegate.swift */,
				3EDF92612BFE30A500FC19DE /* SceneDelegate.swift */,
				3E9835EF2C552791008B2351 /* TabBarController.swift */,
				3EDF926A2BFE30A600FC19DE /* LaunchScreen.storyboard */,
				3EDF92652BFE30A500FC19DE /* Main.storyboard */,
				3E3522EF2C54E0970015CCE0 /* Color.xcassets */,
				3EDF92682BFE30A600FC19DE /* Assets.xcassets */,
				3EDF926D2BFE30A600FC19DE /* Info.plist */,
				3E1906B52C5BD35200494E62 /* Util */,
				3E1906A62C5669C200494E62 /* Model */,
				3E1906A82C5669E500494E62 /* URLDefines */,
				3E1906A72C5669CC00494E62 /* JSON */,
				3E9835EA2C550F50008B2351 /* Login */,
				3E9835E22C54EE85008B2351 /* Home */,
				3E109D872C6F359500E06480 /* My */,
				3E109D9E2C6F695100E06480 /* Video */,
			);
			path = KTV;
			sourceTree = "<group>";
		};
		3EDF92752BFE30A600FC19DE /* KTVTests */ = {
			isa = PBXGroup;
			children = (
				3EDF92762BFE30A600FC19DE /* KTVTests.swift */,
			);
			path = KTVTests;
			sourceTree = "<group>";
		};
		3EDF927F2BFE30A600FC19DE /* KTVUITests */ = {
			isa = PBXGroup;
			children = (
				3EDF92802BFE30A600FC19DE /* KTVUITests.swift */,
				3EDF92822BFE30A600FC19DE /* KTVUITestsLaunchTests.swift */,
			);
			path = KTVUITests;
			sourceTree = "<group>";
		};
/* End PBXGroup section */

/* Begin PBXNativeTarget section */
		3EDF925B2BFE30A500FC19DE /* KTV */ = {
			isa = PBXNativeTarget;
			buildConfigurationList = 3EDF92862BFE30A600FC19DE /* Build configuration list for PBXNativeTarget "KTV" */;
			buildPhases = (
				3EDF92582BFE30A500FC19DE /* Sources */,
				3EDF92592BFE30A500FC19DE /* Frameworks */,
				3EDF925A2BFE30A500FC19DE /* Resources */,
			);
			buildRules = (
			);
			dependencies = (
			);
			name = KTV;
			productName = KTV;
			productReference = 3EDF925C2BFE30A500FC19DE /* KTV.app */;
			productType = "com.apple.product-type.application";
		};
		3EDF92712BFE30A600FC19DE /* KTVTests */ = {
			isa = PBXNativeTarget;
			buildConfigurationList = 3EDF92892BFE30A600FC19DE /* Build configuration list for PBXNativeTarget "KTVTests" */;
			buildPhases = (
				3EDF926E2BFE30A600FC19DE /* Sources */,
				3EDF926F2BFE30A600FC19DE /* Frameworks */,
				3EDF92702BFE30A600FC19DE /* Resources */,
			);
			buildRules = (
			);
			dependencies = (
				3EDF92742BFE30A600FC19DE /* PBXTargetDependency */,
			);
			name = KTVTests;
			productName = KTVTests;
			productReference = 3EDF92722BFE30A600FC19DE /* KTVTests.xctest */;
			productType = "com.apple.product-type.bundle.unit-test";
		};
		3EDF927B2BFE30A600FC19DE /* KTVUITests */ = {
			isa = PBXNativeTarget;
			buildConfigurationList = 3EDF928C2BFE30A600FC19DE /* Build configuration list for PBXNativeTarget "KTVUITests" */;
			buildPhases = (
				3EDF92782BFE30A600FC19DE /* Sources */,
				3EDF92792BFE30A600FC19DE /* Frameworks */,
				3EDF927A2BFE30A600FC19DE /* Resources */,
			);
			buildRules = (
			);
			dependencies = (
				3EDF927E2BFE30A600FC19DE /* PBXTargetDependency */,
			);
			name = KTVUITests;
			productName = KTVUITests;
			productReference = 3EDF927C2BFE30A600FC19DE /* KTVUITests.xctest */;
			productType = "com.apple.product-type.bundle.ui-testing";
		};
/* End PBXNativeTarget section */

/* Begin PBXProject section */
		3EDF92542BFE30A500FC19DE /* Project object */ = {
			isa = PBXProject;
			attributes = {
				BuildIndependentTargetsInParallel = 1;
				LastSwiftUpdateCheck = 1540;
				LastUpgradeCheck = 1540;
				TargetAttributes = {
					3EDF925B2BFE30A500FC19DE = {
						CreatedOnToolsVersion = 15.4;
					};
					3EDF92712BFE30A600FC19DE = {
						CreatedOnToolsVersion = 15.4;
						TestTargetID = 3EDF925B2BFE30A500FC19DE;
					};
					3EDF927B2BFE30A600FC19DE = {
						CreatedOnToolsVersion = 15.4;
						TestTargetID = 3EDF925B2BFE30A500FC19DE;
					};
				};
			};
			buildConfigurationList = 3EDF92572BFE30A500FC19DE /* Build configuration list for PBXProject "KTV" */;
			compatibilityVersion = "Xcode 14.0";
			developmentRegion = en;
			hasScannedForEncodings = 0;
			knownRegions = (
				en,
				Base,
			);
			mainGroup = 3EDF92532BFE30A500FC19DE;
			productRefGroup = 3EDF925D2BFE30A500FC19DE /* Products */;
			projectDirPath = "";
			projectRoot = "";
			targets = (
				3EDF925B2BFE30A500FC19DE /* KTV */,
				3EDF92712BFE30A600FC19DE /* KTVTests */,
				3EDF927B2BFE30A600FC19DE /* KTVUITests */,
			);
		};
/* End PBXProject section */

/* Begin PBXResourcesBuildPhase section */
		3EDF925A2BFE30A500FC19DE /* Resources */ = {
			isa = PBXResourcesBuildPhase;
			buildActionMask = 2147483647;
			files = (
				3E1906B12C566A5000494E62 /* home.json in Resources */,
				3EDF92692BFE30A600FC19DE /* Assets.xcassets in Resources */,
				3E1906882C55FC3300494E62 /* HomeRecommendContainerCell.xib in Resources */,
				3E1906922C55FE5C00494E62 /* VideoListItemCell.xib in Resources */,
				3E3522F02C54E0970015CCE0 /* Color.xcassets in Resources */,
				3E19068C2C55FC5000494E62 /* HomeFooterView.xib in Resources */,
				3E1906982C5630B300494E62 /* HomeRankingContainerCell.xib in Resources */,
				3E1906A42C56337F00494E62 /* HomeRankingItemCell.xib in Resources */,
				3E19069C2C5630EA00494E62 /* HomeRecentWatchContainerCell.xib in Resources */,
				3E109D932C6F495300E06480 /* BookmarkCell.xib in Resources */,
				3EDF926C2BFE30A600FC19DE /* Base in Resources */,
				3E9835E82C54F082008B2351 /* HomeVideoCell.xib in Resources */,
				3E1906A02C56311000494E62 /* HomeRecentWatchItemCell.xib in Resources */,
				3EDF92672BFE30A500FC19DE /* Base in Resources */,
				3E1906B42C566A5000494E62 /* live.json in Resources */,
				3E1906952C5606BC00494E62 /* Delegate.README in Resources */,
				3E1906B02C566A5000494E62 /* video.json in Resources */,
				3E1906B32C566A5000494E62 /* favorite.json in Resources */,
				3E1906842C55FB8100494E62 /* HomeHeaderView.xib in Resources */,
				3E109D862C6E5D0200E06480 /* HomeRankingHeaderView.xib in Resources */,
				3E109DA22C6F69A100E06480 /* VideoViewController.xib in Resources */,
				3E1906B22C566A5000494E62 /* bookmark.json in Resources */,
			);
			runOnlyForDeploymentPostprocessing = 0;
		};
		3EDF92702BFE30A600FC19DE /* Resources */ = {
			isa = PBXResourcesBuildPhase;
			buildActionMask = 2147483647;
			files = (
			);
			runOnlyForDeploymentPostprocessing = 0;
		};
		3EDF927A2BFE30A600FC19DE /* Resources */ = {
			isa = PBXResourcesBuildPhase;
			buildActionMask = 2147483647;
			files = (
			);
			runOnlyForDeploymentPostprocessing = 0;
		};
/* End PBXResourcesBuildPhase section */

/* Begin PBXSourcesBuildPhase section */
		3EDF92582BFE30A500FC19DE /* Sources */ = {
			isa = PBXSourcesBuildPhase;
			buildActionMask = 2147483647;
			files = (
				3E1906992C5630B300494E62 /* HomeRankingContainerCell.swift in Sources */,
				3E19069D2C5630EA00494E62 /* HomeRecentWatchContainerCell.swift in Sources */,
				3E109D9D2C6F4E6D00E06480 /* VideoListItem.swift in Sources */,
				3EDF92642BFE30A500FC19DE /* LoginViewController.swift in Sources */,
				3E19068F2C55FC6300494E62 /* HomeViewModel.swift in Sources */,
				3E109D992C6F4E4F00E06480 /* Bookmark.swift in Sources */,
				3E1906892C55FC3300494E62 /* HomeRecommendContainerCell.swift in Sources */,
				3E1906852C55FB8100494E62 /* HomeHeaderView.swift in Sources */,
				3E109D822C6BB30C00E06480 /* HomeRecommendViewModel.swift in Sources */,
				3E109D952C6F496000E06480 /* BookmarkViewController.swift in Sources */,
				3E109DA12C6F69A100E06480 /* VideoViewController.swift in Sources */,
				3E1906AA2C566A0500494E62 /* Home.swift in Sources */,
				3E109D8F2C6F48F500E06480 /* FavoriteViewModel.swift in Sources */,
				3E1906A52C56337F00494E62 /* HomeRankingItemCell.swift in Sources */,
				3E1906B72C5BD36700494E62 /* DataLoader.swift in Sources */,
				3EDF92602BFE30A500FC19DE /* AppDelegate.swift in Sources */,
				3E1906B92C5BD38100494E62 /* UIImageView+Task.swift in Sources */,
				3E109D9B2C6F4E5F00E06480 /* Favorite.swift in Sources */,
				3E9835EC2C551672008B2351 /* HomeSection.swift in Sources */,
				3E19068D2C55FC5000494E62 /* HomeFooterView.swift in Sources */,
				3E109D852C6E5D0200E06480 /* HomeRankingHeaderView.swift in Sources */,
				3E1906A12C56311000494E62 /* HomeRecentWatchItemCell.swift in Sources */,
				3EDF92622BFE30A500FC19DE /* SceneDelegate.swift in Sources */,
				3E1906932C55FE5C00494E62 /* VideoListItemCell.swift in Sources */,
				3E109D892C6F418700E06480 /* MyViewController.swift in Sources */,
				3E1906BB2C5BD45F00494E62 /* URLDefines.swift in Sources */,
				3E9835F02C552791008B2351 /* TabBarController.swift in Sources */,
				3E9835E92C54F082008B2351 /* HomeVideoCell.swift in Sources */,
				3E109D972C6F496B00E06480 /* BookmarkViewModel.swift in Sources */,
				3E109D922C6F495300E06480 /* BookmarkCell.swift in Sources */,
				3E109D8D2C6F48EC00E06480 /* FavoriteViewController.swift in Sources */,
				3E9835E42C54EED9008B2351 /* HomeViewController.swift in Sources */,
			);
			runOnlyForDeploymentPostprocessing = 0;
		};
		3EDF926E2BFE30A600FC19DE /* Sources */ = {
			isa = PBXSourcesBuildPhase;
			buildActionMask = 2147483647;
			files = (
				3EDF92772BFE30A600FC19DE /* KTVTests.swift in Sources */,
			);
			runOnlyForDeploymentPostprocessing = 0;
		};
		3EDF92782BFE30A600FC19DE /* Sources */ = {
			isa = PBXSourcesBuildPhase;
			buildActionMask = 2147483647;
			files = (
				3EDF92832BFE30A600FC19DE /* KTVUITestsLaunchTests.swift in Sources */,
				3EDF92812BFE30A600FC19DE /* KTVUITests.swift in Sources */,
			);
			runOnlyForDeploymentPostprocessing = 0;
		};
/* End PBXSourcesBuildPhase section */

/* Begin PBXTargetDependency section */
		3EDF92742BFE30A600FC19DE /* PBXTargetDependency */ = {
			isa = PBXTargetDependency;
			target = 3EDF925B2BFE30A500FC19DE /* KTV */;
			targetProxy = 3EDF92732BFE30A600FC19DE /* PBXContainerItemProxy */;
		};
		3EDF927E2BFE30A600FC19DE /* PBXTargetDependency */ = {
			isa = PBXTargetDependency;
			target = 3EDF925B2BFE30A500FC19DE /* KTV */;
			targetProxy = 3EDF927D2BFE30A600FC19DE /* PBXContainerItemProxy */;
		};
/* End PBXTargetDependency section */

/* Begin PBXVariantGroup section */
		3EDF92652BFE30A500FC19DE /* Main.storyboard */ = {
			isa = PBXVariantGroup;
			children = (
				3EDF92662BFE30A500FC19DE /* Base */,
			);
			name = Main.storyboard;
			sourceTree = "<group>";
		};
		3EDF926A2BFE30A600FC19DE /* LaunchScreen.storyboard */ = {
			isa = PBXVariantGroup;
			children = (
				3EDF926B2BFE30A600FC19DE /* Base */,
			);
			name = LaunchScreen.storyboard;
			sourceTree = "<group>";
		};
/* End PBXVariantGroup section */

/* Begin XCBuildConfiguration section */
		3EDF92842BFE30A600FC19DE /* Debug */ = {
			isa = XCBuildConfiguration;
			buildSettings = {
				ALWAYS_SEARCH_USER_PATHS = NO;
				ASSETCATALOG_COMPILER_GENERATE_SWIFT_ASSET_SYMBOL_EXTENSIONS = YES;
				CLANG_ANALYZER_NONNULL = YES;
				CLANG_ANALYZER_NUMBER_OBJECT_CONVERSION = YES_AGGRESSIVE;
				CLANG_CXX_LANGUAGE_STANDARD = "gnu++20";
				CLANG_ENABLE_MODULES = YES;
				CLANG_ENABLE_OBJC_ARC = YES;
				CLANG_ENABLE_OBJC_WEAK = YES;
				CLANG_WARN_BLOCK_CAPTURE_AUTORELEASING = YES;
				CLANG_WARN_BOOL_CONVERSION = YES;
				CLANG_WARN_COMMA = YES;
				CLANG_WARN_CONSTANT_CONVERSION = YES;
				CLANG_WARN_DEPRECATED_OBJC_IMPLEMENTATIONS = YES;
				CLANG_WARN_DIRECT_OBJC_ISA_USAGE = YES_ERROR;
				CLANG_WARN_DOCUMENTATION_COMMENTS = YES;
				CLANG_WARN_EMPTY_BODY = YES;
				CLANG_WARN_ENUM_CONVERSION = YES;
				CLANG_WARN_INFINITE_RECURSION = YES;
				CLANG_WARN_INT_CONVERSION = YES;
				CLANG_WARN_NON_LITERAL_NULL_CONVERSION = YES;
				CLANG_WARN_OBJC_IMPLICIT_RETAIN_SELF = YES;
				CLANG_WARN_OBJC_LITERAL_CONVERSION = YES;
				CLANG_WARN_OBJC_ROOT_CLASS = YES_ERROR;
				CLANG_WARN_QUOTED_INCLUDE_IN_FRAMEWORK_HEADER = YES;
				CLANG_WARN_RANGE_LOOP_ANALYSIS = YES;
				CLANG_WARN_STRICT_PROTOTYPES = YES;
				CLANG_WARN_SUSPICIOUS_MOVE = YES;
				CLANG_WARN_UNGUARDED_AVAILABILITY = YES_AGGRESSIVE;
				CLANG_WARN_UNREACHABLE_CODE = YES;
				CLANG_WARN__DUPLICATE_METHOD_MATCH = YES;
				COPY_PHASE_STRIP = NO;
				DEBUG_INFORMATION_FORMAT = dwarf;
				ENABLE_STRICT_OBJC_MSGSEND = YES;
				ENABLE_TESTABILITY = YES;
				ENABLE_USER_SCRIPT_SANDBOXING = YES;
				GCC_C_LANGUAGE_STANDARD = gnu17;
				GCC_DYNAMIC_NO_PIC = NO;
				GCC_NO_COMMON_BLOCKS = YES;
				GCC_OPTIMIZATION_LEVEL = 0;
				GCC_PREPROCESSOR_DEFINITIONS = (
					"DEBUG=1",
					"$(inherited)",
				);
				GCC_WARN_64_TO_32_BIT_CONVERSION = YES;
				GCC_WARN_ABOUT_RETURN_TYPE = YES_ERROR;
				GCC_WARN_UNDECLARED_SELECTOR = YES;
				GCC_WARN_UNINITIALIZED_AUTOS = YES_AGGRESSIVE;
				GCC_WARN_UNUSED_FUNCTION = YES;
				GCC_WARN_UNUSED_VARIABLE = YES;
				IPHONEOS_DEPLOYMENT_TARGET = 17.5;
				LOCALIZATION_PREFERS_STRING_CATALOGS = YES;
				MTL_ENABLE_DEBUG_INFO = INCLUDE_SOURCE;
				MTL_FAST_MATH = YES;
				ONLY_ACTIVE_ARCH = YES;
				SDKROOT = iphoneos;
				SWIFT_ACTIVE_COMPILATION_CONDITIONS = "DEBUG $(inherited)";
				SWIFT_OPTIMIZATION_LEVEL = "-Onone";
			};
			name = Debug;
		};
		3EDF92852BFE30A600FC19DE /* Release */ = {
			isa = XCBuildConfiguration;
			buildSettings = {
				ALWAYS_SEARCH_USER_PATHS = NO;
				ASSETCATALOG_COMPILER_GENERATE_SWIFT_ASSET_SYMBOL_EXTENSIONS = YES;
				CLANG_ANALYZER_NONNULL = YES;
				CLANG_ANALYZER_NUMBER_OBJECT_CONVERSION = YES_AGGRESSIVE;
				CLANG_CXX_LANGUAGE_STANDARD = "gnu++20";
				CLANG_ENABLE_MODULES = YES;
				CLANG_ENABLE_OBJC_ARC = YES;
				CLANG_ENABLE_OBJC_WEAK = YES;
				CLANG_WARN_BLOCK_CAPTURE_AUTORELEASING = YES;
				CLANG_WARN_BOOL_CONVERSION = YES;
				CLANG_WARN_COMMA = YES;
				CLANG_WARN_CONSTANT_CONVERSION = YES;
				CLANG_WARN_DEPRECATED_OBJC_IMPLEMENTATIONS = YES;
				CLANG_WARN_DIRECT_OBJC_ISA_USAGE = YES_ERROR;
				CLANG_WARN_DOCUMENTATION_COMMENTS = YES;
				CLANG_WARN_EMPTY_BODY = YES;
				CLANG_WARN_ENUM_CONVERSION = YES;
				CLANG_WARN_INFINITE_RECURSION = YES;
				CLANG_WARN_INT_CONVERSION = YES;
				CLANG_WARN_NON_LITERAL_NULL_CONVERSION = YES;
				CLANG_WARN_OBJC_IMPLICIT_RETAIN_SELF = YES;
				CLANG_WARN_OBJC_LITERAL_CONVERSION = YES;
				CLANG_WARN_OBJC_ROOT_CLASS = YES_ERROR;
				CLANG_WARN_QUOTED_INCLUDE_IN_FRAMEWORK_HEADER = YES;
				CLANG_WARN_RANGE_LOOP_ANALYSIS = YES;
				CLANG_WARN_STRICT_PROTOTYPES = YES;
				CLANG_WARN_SUSPICIOUS_MOVE = YES;
				CLANG_WARN_UNGUARDED_AVAILABILITY = YES_AGGRESSIVE;
				CLANG_WARN_UNREACHABLE_CODE = YES;
				CLANG_WARN__DUPLICATE_METHOD_MATCH = YES;
				COPY_PHASE_STRIP = NO;
				DEBUG_INFORMATION_FORMAT = "dwarf-with-dsym";
				ENABLE_NS_ASSERTIONS = NO;
				ENABLE_STRICT_OBJC_MSGSEND = YES;
				ENABLE_USER_SCRIPT_SANDBOXING = YES;
				GCC_C_LANGUAGE_STANDARD = gnu17;
				GCC_NO_COMMON_BLOCKS = YES;
				GCC_WARN_64_TO_32_BIT_CONVERSION = YES;
				GCC_WARN_ABOUT_RETURN_TYPE = YES_ERROR;
				GCC_WARN_UNDECLARED_SELECTOR = YES;
				GCC_WARN_UNINITIALIZED_AUTOS = YES_AGGRESSIVE;
				GCC_WARN_UNUSED_FUNCTION = YES;
				GCC_WARN_UNUSED_VARIABLE = YES;
				IPHONEOS_DEPLOYMENT_TARGET = 17.5;
				LOCALIZATION_PREFERS_STRING_CATALOGS = YES;
				MTL_ENABLE_DEBUG_INFO = NO;
				MTL_FAST_MATH = YES;
				SDKROOT = iphoneos;
				SWIFT_COMPILATION_MODE = wholemodule;
				VALIDATE_PRODUCT = YES;
			};
			name = Release;
		};
		3EDF92872BFE30A600FC19DE /* Debug */ = {
			isa = XCBuildConfiguration;
			buildSettings = {
				ASSETCATALOG_COMPILER_APPICON_NAME = AppIcon;
				ASSETCATALOG_COMPILER_GLOBAL_ACCENT_COLOR_NAME = AccentColor;
				CODE_SIGN_STYLE = Automatic;
				CURRENT_PROJECT_VERSION = 1;
				DEVELOPMENT_TEAM = GZMCL5Q7N2;
				GENERATE_INFOPLIST_FILE = YES;
				INFOPLIST_FILE = KTV/Info.plist;
				INFOPLIST_KEY_UIApplicationSupportsIndirectInputEvents = YES;
				INFOPLIST_KEY_UILaunchStoryboardName = LaunchScreen;
				INFOPLIST_KEY_UIMainStoryboardFile = Main;
				INFOPLIST_KEY_UISupportedInterfaceOrientations_iPad = "UIInterfaceOrientationPortrait UIInterfaceOrientationPortraitUpsideDown UIInterfaceOrientationLandscapeLeft UIInterfaceOrientationLandscapeRight";
				INFOPLIST_KEY_UISupportedInterfaceOrientations_iPhone = "UIInterfaceOrientationPortrait UIInterfaceOrientationLandscapeLeft UIInterfaceOrientationLandscapeRight";
				LD_RUNPATH_SEARCH_PATHS = (
					"$(inherited)",
					"@executable_path/Frameworks",
				);
				MARKETING_VERSION = 1.0;
				PRODUCT_BUNDLE_IDENTIFIER = com.bokyung.KTV;
				PRODUCT_NAME = "$(TARGET_NAME)";
				SWIFT_EMIT_LOC_STRINGS = YES;
				SWIFT_VERSION = 5.0;
				TARGETED_DEVICE_FAMILY = "1,2";
			};
			name = Debug;
		};
		3EDF92882BFE30A600FC19DE /* Release */ = {
			isa = XCBuildConfiguration;
			buildSettings = {
				ASSETCATALOG_COMPILER_APPICON_NAME = AppIcon;
				ASSETCATALOG_COMPILER_GLOBAL_ACCENT_COLOR_NAME = AccentColor;
				CODE_SIGN_STYLE = Automatic;
				CURRENT_PROJECT_VERSION = 1;
				DEVELOPMENT_TEAM = GZMCL5Q7N2;
				GENERATE_INFOPLIST_FILE = YES;
				INFOPLIST_FILE = KTV/Info.plist;
				INFOPLIST_KEY_UIApplicationSupportsIndirectInputEvents = YES;
				INFOPLIST_KEY_UILaunchStoryboardName = LaunchScreen;
				INFOPLIST_KEY_UIMainStoryboardFile = Main;
				INFOPLIST_KEY_UISupportedInterfaceOrientations_iPad = "UIInterfaceOrientationPortrait UIInterfaceOrientationPortraitUpsideDown UIInterfaceOrientationLandscapeLeft UIInterfaceOrientationLandscapeRight";
				INFOPLIST_KEY_UISupportedInterfaceOrientations_iPhone = "UIInterfaceOrientationPortrait UIInterfaceOrientationLandscapeLeft UIInterfaceOrientationLandscapeRight";
				LD_RUNPATH_SEARCH_PATHS = (
					"$(inherited)",
					"@executable_path/Frameworks",
				);
				MARKETING_VERSION = 1.0;
				PRODUCT_BUNDLE_IDENTIFIER = com.bokyung.KTV;
				PRODUCT_NAME = "$(TARGET_NAME)";
				SWIFT_EMIT_LOC_STRINGS = YES;
				SWIFT_VERSION = 5.0;
				TARGETED_DEVICE_FAMILY = "1,2";
			};
			name = Release;
		};
		3EDF928A2BFE30A600FC19DE /* Debug */ = {
			isa = XCBuildConfiguration;
			buildSettings = {
				ALWAYS_EMBED_SWIFT_STANDARD_LIBRARIES = YES;
				BUNDLE_LOADER = "$(TEST_HOST)";
				CODE_SIGN_STYLE = Automatic;
				CURRENT_PROJECT_VERSION = 1;
				DEVELOPMENT_TEAM = GZMCL5Q7N2;
				GENERATE_INFOPLIST_FILE = YES;
				IPHONEOS_DEPLOYMENT_TARGET = 17.5;
				MARKETING_VERSION = 1.0;
				PRODUCT_BUNDLE_IDENTIFIER = com.bokyung.KTVTests;
				PRODUCT_NAME = "$(TARGET_NAME)";
				SWIFT_EMIT_LOC_STRINGS = NO;
				SWIFT_VERSION = 5.0;
				TARGETED_DEVICE_FAMILY = "1,2";
				TEST_HOST = "$(BUILT_PRODUCTS_DIR)/KTV.app/$(BUNDLE_EXECUTABLE_FOLDER_PATH)/KTV";
			};
			name = Debug;
		};
		3EDF928B2BFE30A600FC19DE /* Release */ = {
			isa = XCBuildConfiguration;
			buildSettings = {
				ALWAYS_EMBED_SWIFT_STANDARD_LIBRARIES = YES;
				BUNDLE_LOADER = "$(TEST_HOST)";
				CODE_SIGN_STYLE = Automatic;
				CURRENT_PROJECT_VERSION = 1;
				DEVELOPMENT_TEAM = GZMCL5Q7N2;
				GENERATE_INFOPLIST_FILE = YES;
				IPHONEOS_DEPLOYMENT_TARGET = 17.5;
				MARKETING_VERSION = 1.0;
				PRODUCT_BUNDLE_IDENTIFIER = com.bokyung.KTVTests;
				PRODUCT_NAME = "$(TARGET_NAME)";
				SWIFT_EMIT_LOC_STRINGS = NO;
				SWIFT_VERSION = 5.0;
				TARGETED_DEVICE_FAMILY = "1,2";
				TEST_HOST = "$(BUILT_PRODUCTS_DIR)/KTV.app/$(BUNDLE_EXECUTABLE_FOLDER_PATH)/KTV";
			};
			name = Release;
		};
		3EDF928D2BFE30A600FC19DE /* Debug */ = {
			isa = XCBuildConfiguration;
			buildSettings = {
				ALWAYS_EMBED_SWIFT_STANDARD_LIBRARIES = YES;
				CODE_SIGN_STYLE = Automatic;
				CURRENT_PROJECT_VERSION = 1;
				DEVELOPMENT_TEAM = GZMCL5Q7N2;
				GENERATE_INFOPLIST_FILE = YES;
				MARKETING_VERSION = 1.0;
				PRODUCT_BUNDLE_IDENTIFIER = com.bokyung.KTVUITests;
				PRODUCT_NAME = "$(TARGET_NAME)";
				SWIFT_EMIT_LOC_STRINGS = NO;
				SWIFT_VERSION = 5.0;
				TARGETED_DEVICE_FAMILY = "1,2";
				TEST_TARGET_NAME = KTV;
			};
			name = Debug;
		};
		3EDF928E2BFE30A600FC19DE /* Release */ = {
			isa = XCBuildConfiguration;
			buildSettings = {
				ALWAYS_EMBED_SWIFT_STANDARD_LIBRARIES = YES;
				CODE_SIGN_STYLE = Automatic;
				CURRENT_PROJECT_VERSION = 1;
				DEVELOPMENT_TEAM = GZMCL5Q7N2;
				GENERATE_INFOPLIST_FILE = YES;
				MARKETING_VERSION = 1.0;
				PRODUCT_BUNDLE_IDENTIFIER = com.bokyung.KTVUITests;
				PRODUCT_NAME = "$(TARGET_NAME)";
				SWIFT_EMIT_LOC_STRINGS = NO;
				SWIFT_VERSION = 5.0;
				TARGETED_DEVICE_FAMILY = "1,2";
				TEST_TARGET_NAME = KTV;
			};
			name = Release;
		};
/* End XCBuildConfiguration section */

/* Begin XCConfigurationList section */
		3EDF92572BFE30A500FC19DE /* Build configuration list for PBXProject "KTV" */ = {
			isa = XCConfigurationList;
			buildConfigurations = (
				3EDF92842BFE30A600FC19DE /* Debug */,
				3EDF92852BFE30A600FC19DE /* Release */,
			);
			defaultConfigurationIsVisible = 0;
			defaultConfigurationName = Release;
		};
		3EDF92862BFE30A600FC19DE /* Build configuration list for PBXNativeTarget "KTV" */ = {
			isa = XCConfigurationList;
			buildConfigurations = (
				3EDF92872BFE30A600FC19DE /* Debug */,
				3EDF92882BFE30A600FC19DE /* Release */,
			);
			defaultConfigurationIsVisible = 0;
			defaultConfigurationName = Release;
		};
		3EDF92892BFE30A600FC19DE /* Build configuration list for PBXNativeTarget "KTVTests" */ = {
			isa = XCConfigurationList;
			buildConfigurations = (
				3EDF928A2BFE30A600FC19DE /* Debug */,
				3EDF928B2BFE30A600FC19DE /* Release */,
			);
			defaultConfigurationIsVisible = 0;
			defaultConfigurationName = Release;
		};
		3EDF928C2BFE30A600FC19DE /* Build configuration list for PBXNativeTarget "KTVUITests" */ = {
			isa = XCConfigurationList;
			buildConfigurations = (
				3EDF928D2BFE30A600FC19DE /* Debug */,
				3EDF928E2BFE30A600FC19DE /* Release */,
			);
			defaultConfigurationIsVisible = 0;
			defaultConfigurationName = Release;
		};
/* End XCConfigurationList section */
	};
	rootObject = 3EDF92542BFE30A500FC19DE /* Project object */;
}
