// !$*UTF8*$!
{
	archiveVersion = 1;
	classes = {
	};
	objectVersion = 56;
	objects = {

/* Begin PBXBuildFile section */
		3E3522F02C54E0970015CCE0 /* Color.xcassets in Resources */ = {isa = PBXBuildFile; fileRef = 3E3522EF2C54E0970015CCE0 /* Color.xcassets */; };
		3EDF92602BFE30A500FC19DE /* AppDelegate.swift in Sources */ = {isa = PBXBuildFile; fileRef = 3EDF925F2BFE30A500FC19DE /* AppDelegate.swift */; };
		3EDF92622BFE30A500FC19DE /* SceneDelegate.swift in Sources */ = {isa = PBXBuildFile; fileRef = 3EDF92612BFE30A500FC19DE /* SceneDelegate.swift */; };
		3EDF92642BFE30A500FC19DE /* LoginViewController.swift in Sources */ = {isa = PBXBuildFile; fileRef = 3EDF92632BFE30A500FC19DE /* LoginViewController.swift */; };
		3EDF92672BFE30A500FC19DE /* Base in Resources */ = {isa = PBXBuildFile; fileRef = 3EDF92662BFE30A500FC19DE /* Base */; };
		3EDF92692BFE30A600FC19DE /* Assets.xcassets in Resources */ = {isa = PBXBuildFile; fileRef = 3EDF92682BFE30A600FC19DE /* Assets.xcassets */; };
		3EDF926C2BFE30A600FC19DE /* Base in Resources */ = {isa = PBXBuildFile; fileRef = 3EDF926B2BFE30A600FC19DE /* Base */; };
		3EDF92772BFE30A600FC19DE /* KTVTests.swift in Sources */ = {isa = PBXBuildFile; fileRef = 3EDF92762BFE30A600FC19DE /* KTVTests.swift */; };
		3EDF92812BFE30A600FC19DE /* KTVUITests.swift in Sources */ = {isa = PBXBuildFile; fileRef = 3EDF92802BFE30A600FC19DE /* KTVUITests.swift */; };
		3EDF92832BFE30A600FC19DE /* KTVUITestsLaunchTests.swift in Sources */ = {isa = PBXBuildFile; fileRef = 3EDF92822BFE30A600FC19DE /* KTVUITestsLaunchTests.swift */; };
/* End PBXBuildFile section */

/* Begin PBXContainerItemProxy section */
		3EDF92732BFE30A600FC19DE /* PBXContainerItemProxy */ = {
			isa = PBXContainerItemProxy;
			containerPortal = 3EDF92542BFE30A500FC19DE /* Project object */;
			proxyType = 1;
			remoteGlobalIDString = 3EDF925B2BFE30A500FC19DE;
			remoteInfo = KTV;
		};
		3EDF927D2BFE30A600FC19DE /* PBXContainerItemProxy */ = {
			isa = PBXContainerItemProxy;
			containerPortal = 3EDF92542BFE30A500FC19DE /* Project object */;
			proxyType = 1;
			remoteGlobalIDString = 3EDF925B2BFE30A500FC19DE;
			remoteInfo = KTV;
		};
/* End PBXContainerItemProxy section */

/* Begin PBXFileReference section */
		3E3522EF2C54E0970015CCE0 /* Color.xcassets */ = {isa = PBXFileReference; lastKnownFileType = folder.assetcatalog; path = Color.xcassets; sourceTree = "<group>"; };
		3EDF925C2BFE30A500FC19DE /* KTV.app */ = {isa = PBXFileReference; explicitFileType = wrapper.application; includeInIndex = 0; path = KTV.app; sourceTree = BUILT_PRODUCTS_DIR; };
		3EDF925F2BFE30A500FC19DE /* AppDelegate.swift */ = {isa = PBXFileReference; lastKnownFileType = sourcecode.swift; path = AppDelegate.swift; sourceTree = "<group>"; };
		3EDF92612BFE30A500FC19DE /* SceneDelegate.swift */ = {isa = PBXFileReference; lastKnownFileType = sourcecode.swift; path = SceneDelegate.swift; sourceTree = "<group>"; };
		3EDF92632BFE30A500FC19DE /* LoginViewController.swift */ = {isa = PBXFileReference; lastKnownFileType = sourcecode.swift; path = LoginViewController.swift; sourceTree = "<group>"; };
		3EDF92662BFE30A500FC19DE /* Base */ = {isa = PBXFileReference; lastKnownFileType = file.storyboard; name = Base; path = Base.lproj/Main.storyboard; sourceTree = "<group>"; };
		3EDF92682BFE30A600FC19DE /* Assets.xcassets */ = {isa = PBXFileReference; lastKnownFileType = folder.assetcatalog; path = Assets.xcassets; sourceTree = "<group>"; };
		3EDF926B2BFE30A600FC19DE /* Base */ = {isa = PBXFileReference; lastKnownFileType = file.storyboard; name = Base; path = Base.lproj/LaunchScreen.storyboard; sourceTree = "<group>"; };
		3EDF926D2BFE30A600FC19DE /* Info.plist */ = {isa = PBXFileReference; lastKnownFileType = text.plist.xml; path = Info.plist; sourceTree = "<group>"; };
		3EDF92722BFE30A600FC19DE /* KTVTests.xctest */ = {isa = PBXFileReference; explicitFileType = wrapper.cfbundle; includeInIndex = 0; path = KTVTests.xctest; sourceTree = BUILT_PRODUCTS_DIR; };
		3EDF92762BFE30A600FC19DE /* KTVTests.swift */ = {isa = PBXFileReference; lastKnownFileType = sourcecode.swift; path = KTVTests.swift; sourceTree = "<group>"; };
		3EDF927C2BFE30A600FC19DE /* KTVUITests.xctest */ = {isa = PBXFileReference; explicitFileType = wrapper.cfbundle; includeInIndex = 0; path = KTVUITests.xctest; sourceTree = BUILT_PRODUCTS_DIR; };
		3EDF92802BFE30A600FC19DE /* KTVUITests.swift */ = {isa = PBXFileReference; lastKnownFileType = sourcecode.swift; path = KTVUITests.swift; sourceTree = "<group>"; };
		3EDF92822BFE30A600FC19DE /* KTVUITestsLaunchTests.swift */ = {isa = PBXFileReference; lastKnownFileType = sourcecode.swift; path = KTVUITestsLaunchTests.swift; sourceTree = "<group>"; };
/* End PBXFileReference section */

/* Begin PBXFrameworksBuildPhase section */
		3EDF92592BFE30A500FC19DE /* Frameworks */ = {
			isa = PBXFrameworksBuildPhase;
			buildActionMask = 2147483647;
			files = (
			);
			runOnlyForDeploymentPostprocessing = 0;
		};
		3EDF926F2BFE30A600FC19DE /* Frameworks */ = {
			isa = PBXFrameworksBuildPhase;
			buildActionMask = 2147483647;
			files = (
			);
			runOnlyForDeploymentPostprocessing = 0;
		};
		3EDF92792BFE30A600FC19DE /* Frameworks */ = {
			isa = PBXFrameworksBuildPhase;
			buildActionMask = 2147483647;
			files = (
			);
			runOnlyForDeploymentPostprocessing = 0;
		};
/* End PBXFrameworksBuildPhase section */

/* Begin PBXGroup section */
		3EDF92532BFE30A500FC19DE = {
			isa = PBXGroup;
			children = (
				3EDF925E2BFE30A500FC19DE /* KTV */,
				3EDF92752BFE30A600FC19DE /* KTVTests */,
				3EDF927F2BFE30A600FC19DE /* KTVUITests */,
				3EDF925D2BFE30A500FC19DE /* Products */,
			);
			sourceTree = "<group>";
		};
		3EDF925D2BFE30A500FC19DE /* Products */ = {
			isa = PBXGroup;
			children = (
				3EDF925C2BFE30A500FC19DE /* KTV.app */,
				3EDF92722BFE30A600FC19DE /* KTVTests.xctest */,
				3EDF927C2BFE30A600FC19DE /* KTVUITests.xctest */,
			);
			name = Products;
			sourceTree = "<group>";
		};
		3EDF925E2BFE30A500FC19DE /* KTV */ = {
			isa = PBXGroup;
			children = (
				3EDF925F2BFE30A500FC19DE /* AppDelegate.swift */,
				3EDF92612BFE30A500FC19DE /* SceneDelegate.swift */,
				3EDF92632BFE30A500FC19DE /* LoginViewController.swift */,
				3EDF92652BFE30A500FC19DE /* Main.storyboard */,
				3E3522EF2C54E0970015CCE0 /* Color.xcassets */,
				3EDF92682BFE30A600FC19DE /* Assets.xcassets */,
				3EDF926A2BFE30A600FC19DE /* LaunchScreen.storyboard */,
				3EDF926D2BFE30A600FC19DE /* Info.plist */,
			);
			path = KTV;
			sourceTree = "<group>";
		};
		3EDF92752BFE30A600FC19DE /* KTVTests */ = {
			isa = PBXGroup;
			children = (
				3EDF92762BFE30A600FC19DE /* KTVTests.swift */,
			);
			path = KTVTests;
			sourceTree = "<group>";
		};
		3EDF927F2BFE30A600FC19DE /* KTVUITests */ = {
			isa = PBXGroup;
			children = (
				3EDF92802BFE30A600FC19DE /* KTVUITests.swift */,
				3EDF92822BFE30A600FC19DE /* KTVUITestsLaunchTests.swift */,
			);
			path = KTVUITests;
			sourceTree = "<group>";
		};
/* End PBXGroup section */

/* Begin PBXNativeTarget section */
		3EDF925B2BFE30A500FC19DE /* KTV */ = {
			isa = PBXNativeTarget;
			buildConfigurationList = 3EDF92862BFE30A600FC19DE /* Build configuration list for PBXNativeTarget "KTV" */;
			buildPhases = (
				3EDF92582BFE30A500FC19DE /* Sources */,
				3EDF92592BFE30A500FC19DE /* Frameworks */,
				3EDF925A2BFE30A500FC19DE /* Resources */,
			);
			buildRules = (
			);
			dependencies = (
			);
			name = KTV;
			productName = KTV;
			productReference = 3EDF925C2BFE30A500FC19DE /* KTV.app */;
			productType = "com.apple.product-type.application";
		};
		3EDF92712BFE30A600FC19DE /* KTVTests */ = {
			isa = PBXNativeTarget;
			buildConfigurationList = 3EDF92892BFE30A600FC19DE /* Build configuration list for PBXNativeTarget "KTVTests" */;
			buildPhases = (
				3EDF926E2BFE30A600FC19DE /* Sources */,
				3EDF926F2BFE30A600FC19DE /* Frameworks */,
				3EDF92702BFE30A600FC19DE /* Resources */,
			);
			buildRules = (
			);
			dependencies = (
				3EDF92742BFE30A600FC19DE /* PBXTargetDependency */,
			);
			name = KTVTests;
			productName = KTVTests;
			productReference = 3EDF92722BFE30A600FC19DE /* KTVTests.xctest */;
			productType = "com.apple.product-type.bundle.unit-test";
		};
		3EDF927B2BFE30A600FC19DE /* KTVUITests */ = {
			isa = PBXNativeTarget;
			buildConfigurationList = 3EDF928C2BFE30A600FC19DE /* Build configuration list for PBXNativeTarget "KTVUITests" */;
			buildPhases = (
				3EDF92782BFE30A600FC19DE /* Sources */,
				3EDF92792BFE30A600FC19DE /* Frameworks */,
				3EDF927A2BFE30A600FC19DE /* Resources */,
			);
			buildRules = (
			);
			dependencies = (
				3EDF927E2BFE30A600FC19DE /* PBXTargetDependency */,
			);
			name = KTVUITests;
			productName = KTVUITests;
			productReference = 3EDF927C2BFE30A600FC19DE /* KTVUITests.xctest */;
			productType = "com.apple.product-type.bundle.ui-testing";
		};
/* End PBXNativeTarget section */

/* Begin PBXProject section */
		3EDF92542BFE30A500FC19DE /* Project object */ = {
			isa = PBXProject;
			attributes = {
				BuildIndependentTargetsInParallel = 1;
				LastSwiftUpdateCheck = 1540;
				LastUpgradeCheck = 1540;
				TargetAttributes = {
					3EDF925B2BFE30A500FC19DE = {
						CreatedOnToolsVersion = 15.4;
					};
					3EDF92712BFE30A600FC19DE = {
						CreatedOnToolsVersion = 15.4;
						TestTargetID = 3EDF925B2BFE30A500FC19DE;
					};
					3EDF927B2BFE30A600FC19DE = {
						CreatedOnToolsVersion = 15.4;
						TestTargetID = 3EDF925B2BFE30A500FC19DE;
					};
				};
			};
			buildConfigurationList = 3EDF92572BFE30A500FC19DE /* Build configuration list for PBXProject "KTV" */;
			compatibilityVersion = "Xcode 14.0";
			developmentRegion = en;
			hasScannedForEncodings = 0;
			knownRegions = (
				en,
				Base,
			);
			mainGroup = 3EDF92532BFE30A500FC19DE;
			productRefGroup = 3EDF925D2BFE30A500FC19DE /* Products */;
			projectDirPath = "";
			projectRoot = "";
			targets = (
				3EDF925B2BFE30A500FC19DE /* KTV */,
				3EDF92712BFE30A600FC19DE /* KTVTests */,
				3EDF927B2BFE30A600FC19DE /* KTVUITests */,
			);
		};
/* End PBXProject section */

/* Begin PBXResourcesBuildPhase section */
		3EDF925A2BFE30A500FC19DE /* Resources */ = {
			isa = PBXResourcesBuildPhase;
			buildActionMask = 2147483647;
			files = (
				3EDF92692BFE30A600FC19DE /* Assets.xcassets in Resources */,
				3E3522F02C54E0970015CCE0 /* Color.xcassets in Resources */,
				3EDF926C2BFE30A600FC19DE /* Base in Resources */,
				3EDF92672BFE30A500FC19DE /* Base in Resources */,
			);
			runOnlyForDeploymentPostprocessing = 0;
		};
		3EDF92702BFE30A600FC19DE /* Resources */ = {
			isa = PBXResourcesBuildPhase;
			buildActionMask = 2147483647;
			files = (
			);
			runOnlyForDeploymentPostprocessing = 0;
		};
		3EDF927A2BFE30A600FC19DE /* Resources */ = {
			isa = PBXResourcesBuildPhase;
			buildActionMask = 2147483647;
			files = (
			);
			runOnlyForDeploymentPostprocessing = 0;
		};
/* End PBXResourcesBuildPhase section */

/* Begin PBXSourcesBuildPhase section */
		3EDF92582BFE30A500FC19DE /* Sources */ = {
			isa = PBXSourcesBuildPhase;
			buildActionMask = 2147483647;
			files = (
				3EDF92642BFE30A500FC19DE /* LoginViewController.swift in Sources */,
				3EDF92602BFE30A500FC19DE /* AppDelegate.swift in Sources */,
				3EDF92622BFE30A500FC19DE /* SceneDelegate.swift in Sources */,
			);
			runOnlyForDeploymentPostprocessing = 0;
		};
		3EDF926E2BFE30A600FC19DE /* Sources */ = {
			isa = PBXSourcesBuildPhase;
			buildActionMask = 2147483647;
			files = (
				3EDF92772BFE30A600FC19DE /* KTVTests.swift in Sources */,
			);
			runOnlyForDeploymentPostprocessing = 0;
		};
		3EDF92782BFE30A600FC19DE /* Sources */ = {
			isa = PBXSourcesBuildPhase;
			buildActionMask = 2147483647;
			files = (
				3EDF92832BFE30A600FC19DE /* KTVUITestsLaunchTests.swift in Sources */,
				3EDF92812BFE30A600FC19DE /* KTVUITests.swift in Sources */,
			);
			runOnlyForDeploymentPostprocessing = 0;
		};
/* End PBXSourcesBuildPhase section */

/* Begin PBXTargetDependency section */
		3EDF92742BFE30A600FC19DE /* PBXTargetDependency */ = {
			isa = PBXTargetDependency;
			target = 3EDF925B2BFE30A500FC19DE /* KTV */;
			targetProxy = 3EDF92732BFE30A600FC19DE /* PBXContainerItemProxy */;
		};
		3EDF927E2BFE30A600FC19DE /* PBXTargetDependency */ = {
			isa = PBXTargetDependency;
			target = 3EDF925B2BFE30A500FC19DE /* KTV */;
			targetProxy = 3EDF927D2BFE30A600FC19DE /* PBXContainerItemProxy */;
		};
/* End PBXTargetDependency section */

/* Begin PBXVariantGroup section */
		3EDF92652BFE30A500FC19DE /* Main.storyboard */ = {
			isa = PBXVariantGroup;
			children = (
				3EDF92662BFE30A500FC19DE /* Base */,
			);
			name = Main.storyboard;
			sourceTree = "<group>";
		};
		3EDF926A2BFE30A600FC19DE /* LaunchScreen.storyboard */ = {
			isa = PBXVariantGroup;
			children = (
				3EDF926B2BFE30A600FC19DE /* Base */,
			);
			name = LaunchScreen.storyboard;
			sourceTree = "<group>";
		};
/* End PBXVariantGroup section */

/* Begin XCBuildConfiguration section */
		3EDF92842BFE30A600FC19DE /* Debug */ = {
			isa = XCBuildConfiguration;
			buildSettings = {
				ALWAYS_SEARCH_USER_PATHS = NO;
				ASSETCATALOG_COMPILER_GENERATE_SWIFT_ASSET_SYMBOL_EXTENSIONS = YES;
				CLANG_ANALYZER_NONNULL = YES;
				CLANG_ANALYZER_NUMBER_OBJECT_CONVERSION = YES_AGGRESSIVE;
				CLANG_CXX_LANGUAGE_STANDARD = "gnu++20";
				CLANG_ENABLE_MODULES = YES;
				CLANG_ENABLE_OBJC_ARC = YES;
				CLANG_ENABLE_OBJC_WEAK = YES;
				CLANG_WARN_BLOCK_CAPTURE_AUTORELEASING = YES;
				CLANG_WARN_BOOL_CONVERSION = YES;
				CLANG_WARN_COMMA = YES;
				CLANG_WARN_CONSTANT_CONVERSION = YES;
				CLANG_WARN_DEPRECATED_OBJC_IMPLEMENTATIONS = YES;
				CLANG_WARN_DIRECT_OBJC_ISA_USAGE = YES_ERROR;
				CLANG_WARN_DOCUMENTATION_COMMENTS = YES;
				CLANG_WARN_EMPTY_BODY = YES;
				CLANG_WARN_ENUM_CONVERSION = YES;
				CLANG_WARN_INFINITE_RECURSION = YES;
				CLANG_WARN_INT_CONVERSION = YES;
				CLANG_WARN_NON_LITERAL_NULL_CONVERSION = YES;
				CLANG_WARN_OBJC_IMPLICIT_RETAIN_SELF = YES;
				CLANG_WARN_OBJC_LITERAL_CONVERSION = YES;
				CLANG_WARN_OBJC_ROOT_CLASS = YES_ERROR;
				CLANG_WARN_QUOTED_INCLUDE_IN_FRAMEWORK_HEADER = YES;
				CLANG_WARN_RANGE_LOOP_ANALYSIS = YES;
				CLANG_WARN_STRICT_PROTOTYPES = YES;
				CLANG_WARN_SUSPICIOUS_MOVE = YES;
				CLANG_WARN_UNGUARDED_AVAILABILITY = YES_AGGRESSIVE;
				CLANG_WARN_UNREACHABLE_CODE = YES;
				CLANG_WARN__DUPLICATE_METHOD_MATCH = YES;
				COPY_PHASE_STRIP = NO;
				DEBUG_INFORMATION_FORMAT = dwarf;
				ENABLE_STRICT_OBJC_MSGSEND = YES;
				ENABLE_TESTABILITY = YES;
				ENABLE_USER_SCRIPT_SANDBOXING = YES;
				GCC_C_LANGUAGE_STANDARD = gnu17;
				GCC_DYNAMIC_NO_PIC = NO;
				GCC_NO_COMMON_BLOCKS = YES;
				GCC_OPTIMIZATION_LEVEL = 0;
				GCC_PREPROCESSOR_DEFINITIONS = (
					"DEBUG=1",
					"$(inherited)",
				);
				GCC_WARN_64_TO_32_BIT_CONVERSION = YES;
				GCC_WARN_ABOUT_RETURN_TYPE = YES_ERROR;
				GCC_WARN_UNDECLARED_SELECTOR = YES;
				GCC_WARN_UNINITIALIZED_AUTOS = YES_AGGRESSIVE;
				GCC_WARN_UNUSED_FUNCTION = YES;
				GCC_WARN_UNUSED_VARIABLE = YES;
				IPHONEOS_DEPLOYMENT_TARGET = 17.5;
				LOCALIZATION_PREFERS_STRING_CATALOGS = YES;
				MTL_ENABLE_DEBUG_INFO = INCLUDE_SOURCE;
				MTL_FAST_MATH = YES;
				ONLY_ACTIVE_ARCH = YES;
				SDKROOT = iphoneos;
				SWIFT_ACTIVE_COMPILATION_CONDITIONS = "DEBUG $(inherited)";
				SWIFT_OPTIMIZATION_LEVEL = "-Onone";
			};
			name = Debug;
		};
		3EDF92852BFE30A600FC19DE /* Release */ = {
			isa = XCBuildConfiguration;
			buildSettings = {
				ALWAYS_SEARCH_USER_PATHS = NO;
				ASSETCATALOG_COMPILER_GENERATE_SWIFT_ASSET_SYMBOL_EXTENSIONS = YES;
				CLANG_ANALYZER_NONNULL = YES;
				CLANG_ANALYZER_NUMBER_OBJECT_CONVERSION = YES_AGGRESSIVE;
				CLANG_CXX_LANGUAGE_STANDARD = "gnu++20";
				CLANG_ENABLE_MODULES = YES;
				CLANG_ENABLE_OBJC_ARC = YES;
				CLANG_ENABLE_OBJC_WEAK = YES;
				CLANG_WARN_BLOCK_CAPTURE_AUTORELEASING = YES;
				CLANG_WARN_BOOL_CONVERSION = YES;
				CLANG_WARN_COMMA = YES;
				CLANG_WARN_CONSTANT_CONVERSION = YES;
				CLANG_WARN_DEPRECATED_OBJC_IMPLEMENTATIONS = YES;
				CLANG_WARN_DIRECT_OBJC_ISA_USAGE = YES_ERROR;
				CLANG_WARN_DOCUMENTATION_COMMENTS = YES;
				CLANG_WARN_EMPTY_BODY = YES;
				CLANG_WARN_ENUM_CONVERSION = YES;
				CLANG_WARN_INFINITE_RECURSION = YES;
				CLANG_WARN_INT_CONVERSION = YES;
				CLANG_WARN_NON_LITERAL_NULL_CONVERSION = YES;
				CLANG_WARN_OBJC_IMPLICIT_RETAIN_SELF = YES;
				CLANG_WARN_OBJC_LITERAL_CONVERSION = YES;
				CLANG_WARN_OBJC_ROOT_CLASS = YES_ERROR;
				CLANG_WARN_QUOTED_INCLUDE_IN_FRAMEWORK_HEADER = YES;
				CLANG_WARN_RANGE_LOOP_ANALYSIS = YES;
				CLANG_WARN_STRICT_PROTOTYPES = YES;
				CLANG_WARN_SUSPICIOUS_MOVE = YES;
				CLANG_WARN_UNGUARDED_AVAILABILITY = YES_AGGRESSIVE;
				CLANG_WARN_UNREACHABLE_CODE = YES;
				CLANG_WARN__DUPLICATE_METHOD_MATCH = YES;
				COPY_PHASE_STRIP = NO;
				DEBUG_INFORMATION_FORMAT = "dwarf-with-dsym";
				ENABLE_NS_ASSERTIONS = NO;
				ENABLE_STRICT_OBJC_MSGSEND = YES;
				ENABLE_USER_SCRIPT_SANDBOXING = YES;
				GCC_C_LANGUAGE_STANDARD = gnu17;
				GCC_NO_COMMON_BLOCKS = YES;
				GCC_WARN_64_TO_32_BIT_CONVERSION = YES;
				GCC_WARN_ABOUT_RETURN_TYPE = YES_ERROR;
				GCC_WARN_UNDECLARED_SELECTOR = YES;
				GCC_WARN_UNINITIALIZED_AUTOS = YES_AGGRESSIVE;
				GCC_WARN_UNUSED_FUNCTION = YES;
				GCC_WARN_UNUSED_VARIABLE = YES;
				IPHONEOS_DEPLOYMENT_TARGET = 17.5;
				LOCALIZATION_PREFERS_STRING_CATALOGS = YES;
				MTL_ENABLE_DEBUG_INFO = NO;
				MTL_FAST_MATH = YES;
				SDKROOT = iphoneos;
				SWIFT_COMPILATION_MODE = wholemodule;
				VALIDATE_PRODUCT = YES;
			};
			name = Release;
		};
		3EDF92872BFE30A600FC19DE /* Debug */ = {
			isa = XCBuildConfiguration;
			buildSettings = {
				ASSETCATALOG_COMPILER_APPICON_NAME = AppIcon;
				ASSETCATALOG_COMPILER_GLOBAL_ACCENT_COLOR_NAME = AccentColor;
				CODE_SIGN_STYLE = Automatic;
				CURRENT_PROJECT_VERSION = 1;
				DEVELOPMENT_TEAM = GZMCL5Q7N2;
				GENERATE_INFOPLIST_FILE = YES;
				INFOPLIST_FILE = KTV/Info.plist;
				INFOPLIST_KEY_UIApplicationSupportsIndirectInputEvents = YES;
				INFOPLIST_KEY_UILaunchStoryboardName = LaunchScreen;
				INFOPLIST_KEY_UIMainStoryboardFile = Main;
				INFOPLIST_KEY_UISupportedInterfaceOrientations_iPad = "UIInterfaceOrientationPortrait UIInterfaceOrientationPortraitUpsideDown UIInterfaceOrientationLandscapeLeft UIInterfaceOrientationLandscapeRight";
				INFOPLIST_KEY_UISupportedInterfaceOrientations_iPhone = "UIInterfaceOrientationPortrait UIInterfaceOrientationLandscapeLeft UIInterfaceOrientationLandscapeRight";
				LD_RUNPATH_SEARCH_PATHS = (
					"$(inherited)",
					"@executable_path/Frameworks",
				);
				MARKETING_VERSION = 1.0;
				PRODUCT_BUNDLE_IDENTIFIER = com.bokyung.KTV;
				PRODUCT_NAME = "$(TARGET_NAME)";
				SWIFT_EMIT_LOC_STRINGS = YES;
				SWIFT_VERSION = 5.0;
				TARGETED_DEVICE_FAMILY = "1,2";
			};
			name = Debug;
		};
		3EDF92882BFE30A600FC19DE /* Release */ = {
			isa = XCBuildConfiguration;
			buildSettings = {
				ASSETCATALOG_COMPILER_APPICON_NAME = AppIcon;
				ASSETCATALOG_COMPILER_GLOBAL_ACCENT_COLOR_NAME = AccentColor;
				CODE_SIGN_STYLE = Automatic;
				CURRENT_PROJECT_VERSION = 1;
				DEVELOPMENT_TEAM = GZMCL5Q7N2;
				GENERATE_INFOPLIST_FILE = YES;
				INFOPLIST_FILE = KTV/Info.plist;
				INFOPLIST_KEY_UIApplicationSupportsIndirectInputEvents = YES;
				INFOPLIST_KEY_UILaunchStoryboardName = LaunchScreen;
				INFOPLIST_KEY_UIMainStoryboardFile = Main;
				INFOPLIST_KEY_UISupportedInterfaceOrientations_iPad = "UIInterfaceOrientationPortrait UIInterfaceOrientationPortraitUpsideDown UIInterfaceOrientationLandscapeLeft UIInterfaceOrientationLandscapeRight";
				INFOPLIST_KEY_UISupportedInterfaceOrientations_iPhone = "UIInterfaceOrientationPortrait UIInterfaceOrientationLandscapeLeft UIInterfaceOrientationLandscapeRight";
				LD_RUNPATH_SEARCH_PATHS = (
					"$(inherited)",
					"@executable_path/Frameworks",
				);
				MARKETING_VERSION = 1.0;
				PRODUCT_BUNDLE_IDENTIFIER = com.bokyung.KTV;
				PRODUCT_NAME = "$(TARGET_NAME)";
				SWIFT_EMIT_LOC_STRINGS = YES;
				SWIFT_VERSION = 5.0;
				TARGETED_DEVICE_FAMILY = "1,2";
			};
			name = Release;
		};
		3EDF928A2BFE30A600FC19DE /* Debug */ = {
			isa = XCBuildConfiguration;
			buildSettings = {
				ALWAYS_EMBED_SWIFT_STANDARD_LIBRARIES = YES;
				BUNDLE_LOADER = "$(TEST_HOST)";
				CODE_SIGN_STYLE = Automatic;
				CURRENT_PROJECT_VERSION = 1;
				DEVELOPMENT_TEAM = GZMCL5Q7N2;
				GENERATE_INFOPLIST_FILE = YES;
				IPHONEOS_DEPLOYMENT_TARGET = 17.5;
				MARKETING_VERSION = 1.0;
				PRODUCT_BUNDLE_IDENTIFIER = com.bokyung.KTVTests;
				PRODUCT_NAME = "$(TARGET_NAME)";
				SWIFT_EMIT_LOC_STRINGS = NO;
				SWIFT_VERSION = 5.0;
				TARGETED_DEVICE_FAMILY = "1,2";
				TEST_HOST = "$(BUILT_PRODUCTS_DIR)/KTV.app/$(BUNDLE_EXECUTABLE_FOLDER_PATH)/KTV";
			};
			name = Debug;
		};
		3EDF928B2BFE30A600FC19DE /* Release */ = {
			isa = XCBuildConfiguration;
			buildSettings = {
				ALWAYS_EMBED_SWIFT_STANDARD_LIBRARIES = YES;
				BUNDLE_LOADER = "$(TEST_HOST)";
				CODE_SIGN_STYLE = Automatic;
				CURRENT_PROJECT_VERSION = 1;
				DEVELOPMENT_TEAM = GZMCL5Q7N2;
				GENERATE_INFOPLIST_FILE = YES;
				IPHONEOS_DEPLOYMENT_TARGET = 17.5;
				MARKETING_VERSION = 1.0;
				PRODUCT_BUNDLE_IDENTIFIER = com.bokyung.KTVTests;
				PRODUCT_NAME = "$(TARGET_NAME)";
				SWIFT_EMIT_LOC_STRINGS = NO;
				SWIFT_VERSION = 5.0;
				TARGETED_DEVICE_FAMILY = "1,2";
				TEST_HOST = "$(BUILT_PRODUCTS_DIR)/KTV.app/$(BUNDLE_EXECUTABLE_FOLDER_PATH)/KTV";
			};
			name = Release;
		};
		3EDF928D2BFE30A600FC19DE /* Debug */ = {
			isa = XCBuildConfiguration;
			buildSettings = {
				ALWAYS_EMBED_SWIFT_STANDARD_LIBRARIES = YES;
				CODE_SIGN_STYLE = Automatic;
				CURRENT_PROJECT_VERSION = 1;
				DEVELOPMENT_TEAM = GZMCL5Q7N2;
				GENERATE_INFOPLIST_FILE = YES;
				MARKETING_VERSION = 1.0;
				PRODUCT_BUNDLE_IDENTIFIER = com.bokyung.KTVUITests;
				PRODUCT_NAME = "$(TARGET_NAME)";
				SWIFT_EMIT_LOC_STRINGS = NO;
				SWIFT_VERSION = 5.0;
				TARGETED_DEVICE_FAMILY = "1,2";
				TEST_TARGET_NAME = KTV;
			};
			name = Debug;
		};
		3EDF928E2BFE30A600FC19DE /* Release */ = {
			isa = XCBuildConfiguration;
			buildSettings = {
				ALWAYS_EMBED_SWIFT_STANDARD_LIBRARIES = YES;
				CODE_SIGN_STYLE = Automatic;
				CURRENT_PROJECT_VERSION = 1;
				DEVELOPMENT_TEAM = GZMCL5Q7N2;
				GENERATE_INFOPLIST_FILE = YES;
				MARKETING_VERSION = 1.0;
				PRODUCT_BUNDLE_IDENTIFIER = com.bokyung.KTVUITests;
				PRODUCT_NAME = "$(TARGET_NAME)";
				SWIFT_EMIT_LOC_STRINGS = NO;
				SWIFT_VERSION = 5.0;
				TARGETED_DEVICE_FAMILY = "1,2";
				TEST_TARGET_NAME = KTV;
			};
			name = Release;
		};
/* End XCBuildConfiguration section */

/* Begin XCConfigurationList section */
		3EDF92572BFE30A500FC19DE /* Build configuration list for PBXProject "KTV" */ = {
			isa = XCConfigurationList;
			buildConfigurations = (
				3EDF92842BFE30A600FC19DE /* Debug */,
				3EDF92852BFE30A600FC19DE /* Release */,
			);
			defaultConfigurationIsVisible = 0;
			defaultConfigurationName = Release;
		};
		3EDF92862BFE30A600FC19DE /* Build configuration list for PBXNativeTarget "KTV" */ = {
			isa = XCConfigurationList;
			buildConfigurations = (
				3EDF92872BFE30A600FC19DE /* Debug */,
				3EDF92882BFE30A600FC19DE /* Release */,
			);
			defaultConfigurationIsVisible = 0;
			defaultConfigurationName = Release;
		};
		3EDF92892BFE30A600FC19DE /* Build configuration list for PBXNativeTarget "KTVTests" */ = {
			isa = XCConfigurationList;
			buildConfigurations = (
				3EDF928A2BFE30A600FC19DE /* Debug */,
				3EDF928B2BFE30A600FC19DE /* Release */,
			);
			defaultConfigurationIsVisible = 0;
			defaultConfigurationName = Release;
		};
		3EDF928C2BFE30A600FC19DE /* Build configuration list for PBXNativeTarget "KTVUITests" */ = {
			isa = XCConfigurationList;
			buildConfigurations = (
				3EDF928D2BFE30A600FC19DE /* Debug */,
				3EDF928E2BFE30A600FC19DE /* Release */,
			);
			defaultConfigurationIsVisible = 0;
			defaultConfigurationName = Release;
		};
/* End XCConfigurationList section */
	};
	rootObject = 3EDF92542BFE30A500FC19DE /* Project object */;
}
