// !$*UTF8*$!
{
	archiveVersion = 1;
	classes = {
	};
	objectVersion = 56;
	objects = {

/* Begin PBXBuildFile section */
		3E0FC5912B3070B200EF5489 /* LaunchScreen.storyboard in Resources */ = {isa = PBXBuildFile; fileRef = 3E0FC5902B3070B200EF5489 /* LaunchScreen.storyboard */; };
		3E55206D2B3074680032FD79 /* Color+Extensions.swift in Sources */ = {isa = PBXBuildFile; fileRef = 3E55206C2B3074680032FD79 /* Color+Extensions.swift */; };
		3E5520712B3075670032FD79 /* OnboardingContent.swift in Sources */ = {isa = PBXBuildFile; fileRef = 3E5520702B3075670032FD79 /* OnboardingContent.swift */; };
		3E5520752B307A5F0032FD79 /* OnboardingView.swift in Sources */ = {isa = PBXBuildFile; fileRef = 3E5520742B307A5F0032FD79 /* OnboardingView.swift */; };
		3E5520772B307A6E0032FD79 /* OnboardingViewModel.swift in Sources */ = {isa = PBXBuildFile; fileRef = 3E5520762B307A6E0032FD79 /* OnboardingViewModel.swift */; };
		3E55207A2B341D420032FD79 /* Path.swift in Sources */ = {isa = PBXBuildFile; fileRef = 3E5520792B341D420032FD79 /* Path.swift */; };
		3E55207C2B341D4D0032FD79 /* PathType.swift in Sources */ = {isa = PBXBuildFile; fileRef = 3E55207B2B341D4D0032FD79 /* PathType.swift */; };
		3E5520822B3421D20032FD79 /* HomeView.swift in Sources */ = {isa = PBXBuildFile; fileRef = 3E5520812B3421D20032FD79 /* HomeView.swift */; };
		3E5520852B343C970032FD79 /* Date+Extension.swift in Sources */ = {isa = PBXBuildFile; fileRef = 3E5520842B343C970032FD79 /* Date+Extension.swift */; };
		3E55208A2B3443120032FD79 /* CustomNavigationBar.swift in Sources */ = {isa = PBXBuildFile; fileRef = 3E5520892B3443120032FD79 /* CustomNavigationBar.swift */; };
		3E55208C2B3443570032FD79 /* NavigationBtnType.swift in Sources */ = {isa = PBXBuildFile; fileRef = 3E55208B2B3443570032FD79 /* NavigationBtnType.swift */; };
		3E55208E2B345AB60032FD79 /* Todo.swift in Sources */ = {isa = PBXBuildFile; fileRef = 3E55208D2B345AB60032FD79 /* Todo.swift */; };
		3E5520922B345C170032FD79 /* TodoView.swift in Sources */ = {isa = PBXBuildFile; fileRef = 3E5520912B345C170032FD79 /* TodoView.swift */; };
		3E5520942B345C270032FD79 /* TodoViewModel.swift in Sources */ = {isa = PBXBuildFile; fileRef = 3E5520932B345C270032FD79 /* TodoViewModel.swift */; };
		3E5520962B345C390032FD79 /* TodoListView.swift in Sources */ = {isa = PBXBuildFile; fileRef = 3E5520952B345C390032FD79 /* TodoListView.swift */; };
		3E5520982B345C450032FD79 /* TodoListViewModel.swift in Sources */ = {isa = PBXBuildFile; fileRef = 3E5520972B345C450032FD79 /* TodoListViewModel.swift */; };
		3E55209A2B35A13D0032FD79 /* Memo.swift in Sources */ = {isa = PBXBuildFile; fileRef = 3E5520992B35A13D0032FD79 /* Memo.swift */; };
		3E55209E2B35A2090032FD79 /* MemoView.swift in Sources */ = {isa = PBXBuildFile; fileRef = 3E55209D2B35A2090032FD79 /* MemoView.swift */; };
		3E5520A02B35A2140032FD79 /* MemoViewModel.swift in Sources */ = {isa = PBXBuildFile; fileRef = 3E55209F2B35A2140032FD79 /* MemoViewModel.swift */; };
		3E5520A22B35A21F0032FD79 /* MemoListView.swift in Sources */ = {isa = PBXBuildFile; fileRef = 3E5520A12B35A21F0032FD79 /* MemoListView.swift */; };
		3E5520A42B35A2310032FD79 /* MemoListViewModel.swift in Sources */ = {isa = PBXBuildFile; fileRef = 3E5520A32B35A2310032FD79 /* MemoListViewModel.swift */; };
		3E567E932B3C635B0062217F /* Double+Extension.swift in Sources */ = {isa = PBXBuildFile; fileRef = 3E567E922B3C635B0062217F /* Double+Extension.swift */; };
		3E6C67D92B66CD5800AF3E77 /* Time.swift in Sources */ = {isa = PBXBuildFile; fileRef = 3E6C67D82B66CD5800AF3E77 /* Time.swift */; };
		3E6C67DB2B66CF9800AF3E77 /* Int+Extension.swift in Sources */ = {isa = PBXBuildFile; fileRef = 3E6C67DA2B66CF9800AF3E77 /* Int+Extension.swift */; };
		3E6C67DE2B6793DE00AF3E77 /* TimerView.swift in Sources */ = {isa = PBXBuildFile; fileRef = 3E6C67DD2B6793DE00AF3E77 /* TimerView.swift */; };
		3E6C67E02B6793E600AF3E77 /* TimerViewModel.swift in Sources */ = {isa = PBXBuildFile; fileRef = 3E6C67DF2B6793E600AF3E77 /* TimerViewModel.swift */; };
		3E6C67E32B67C7F300AF3E77 /* NotificationService.swift in Sources */ = {isa = PBXBuildFile; fileRef = 3E6C67E22B67C7F300AF3E77 /* NotificationService.swift */; };
		3E6C67E62B67D60600AF3E77 /* SettingView.swift in Sources */ = {isa = PBXBuildFile; fileRef = 3E6C67E52B67D60600AF3E77 /* SettingView.swift */; };
		3E6C67E82B68140600AF3E77 /* Tab.swift in Sources */ = {isa = PBXBuildFile; fileRef = 3E6C67E72B68140600AF3E77 /* Tab.swift */; };
		3E7C3F4B2B30505D00293C4C /* VoiceMemoAppApp.swift in Sources */ = {isa = PBXBuildFile; fileRef = 3E7C3F4A2B30505D00293C4C /* VoiceMemoAppApp.swift */; };
		3E7C3F4F2B30505E00293C4C /* Assets.xcassets in Resources */ = {isa = PBXBuildFile; fileRef = 3E7C3F4E2B30505E00293C4C /* Assets.xcassets */; };
		3E7C3F522B30505E00293C4C /* Preview Assets.xcassets in Resources */ = {isa = PBXBuildFile; fileRef = 3E7C3F512B30505E00293C4C /* Preview Assets.xcassets */; };
		3E7C3F5C2B306BD700293C4C /* AppDelegate.swift in Sources */ = {isa = PBXBuildFile; fileRef = 3E7C3F5B2B306BD700293C4C /* AppDelegate.swift */; };
		3ECDC7972B3AFEDC006FC29A /* HomeViewModel.swift in Sources */ = {isa = PBXBuildFile; fileRef = 3ECDC7962B3AFEDC006FC29A /* HomeViewModel.swift */; };
		3ECDC7992B3AFEF1006FC29A /* VoiceRecorderView.swift in Sources */ = {isa = PBXBuildFile; fileRef = 3ECDC7982B3AFEF1006FC29A /* VoiceRecorderView.swift */; };
		3ECDC79B2B3AFEFD006FC29A /* VoiceRecorderViewModel.swift in Sources */ = {isa = PBXBuildFile; fileRef = 3ECDC79A2B3AFEFD006FC29A /* VoiceRecorderViewModel.swift */; };
/* End PBXBuildFile section */

/* Begin PBXFileReference section */
		3E0FC5902B3070B200EF5489 /* LaunchScreen.storyboard */ = {isa = PBXFileReference; lastKnownFileType = file.storyboard; path = LaunchScreen.storyboard; sourceTree = "<group>"; };
		3E55206C2B3074680032FD79 /* Color+Extensions.swift */ = {isa = PBXFileReference; lastKnownFileType = sourcecode.swift; path = "Color+Extensions.swift"; sourceTree = "<group>"; };
		3E5520702B3075670032FD79 /* OnboardingContent.swift */ = {isa = PBXFileReference; lastKnownFileType = sourcecode.swift; path = OnboardingContent.swift; sourceTree = "<group>"; };
		3E5520742B307A5F0032FD79 /* OnboardingView.swift */ = {isa = PBXFileReference; lastKnownFileType = sourcecode.swift; path = OnboardingView.swift; sourceTree = "<group>"; };
		3E5520762B307A6E0032FD79 /* OnboardingViewModel.swift */ = {isa = PBXFileReference; lastKnownFileType = sourcecode.swift; path = OnboardingViewModel.swift; sourceTree = "<group>"; };
		3E5520792B341D420032FD79 /* Path.swift */ = {isa = PBXFileReference; lastKnownFileType = sourcecode.swift; path = Path.swift; sourceTree = "<group>"; };
		3E55207B2B341D4D0032FD79 /* PathType.swift */ = {isa = PBXFileReference; lastKnownFileType = sourcecode.swift; path = PathType.swift; sourceTree = "<group>"; };
		3E5520812B3421D20032FD79 /* HomeView.swift */ = {isa = PBXFileReference; lastKnownFileType = sourcecode.swift; path = HomeView.swift; sourceTree = "<group>"; };
		3E5520842B343C970032FD79 /* Date+Extension.swift */ = {isa = PBXFileReference; lastKnownFileType = sourcecode.swift; path = "Date+Extension.swift"; sourceTree = "<group>"; };
		3E5520892B3443120032FD79 /* CustomNavigationBar.swift */ = {isa = PBXFileReference; lastKnownFileType = sourcecode.swift; path = CustomNavigationBar.swift; sourceTree = "<group>"; };
		3E55208B2B3443570032FD79 /* NavigationBtnType.swift */ = {isa = PBXFileReference; lastKnownFileType = sourcecode.swift; path = NavigationBtnType.swift; sourceTree = "<group>"; };
		3E55208D2B345AB60032FD79 /* Todo.swift */ = {isa = PBXFileReference; lastKnownFileType = sourcecode.swift; path = Todo.swift; sourceTree = "<group>"; };
		3E5520912B345C170032FD79 /* TodoView.swift */ = {isa = PBXFileReference; lastKnownFileType = sourcecode.swift; path = TodoView.swift; sourceTree = "<group>"; };
		3E5520932B345C270032FD79 /* TodoViewModel.swift */ = {isa = PBXFileReference; lastKnownFileType = sourcecode.swift; path = TodoViewModel.swift; sourceTree = "<group>"; };
		3E5520952B345C390032FD79 /* TodoListView.swift */ = {isa = PBXFileReference; lastKnownFileType = sourcecode.swift; path = TodoListView.swift; sourceTree = "<group>"; };
		3E5520972B345C450032FD79 /* TodoListViewModel.swift */ = {isa = PBXFileReference; lastKnownFileType = sourcecode.swift; path = TodoListViewModel.swift; sourceTree = "<group>"; };
		3E5520992B35A13D0032FD79 /* Memo.swift */ = {isa = PBXFileReference; lastKnownFileType = sourcecode.swift; path = Memo.swift; sourceTree = "<group>"; };
		3E55209D2B35A2090032FD79 /* MemoView.swift */ = {isa = PBXFileReference; lastKnownFileType = sourcecode.swift; path = MemoView.swift; sourceTree = "<group>"; };
		3E55209F2B35A2140032FD79 /* MemoViewModel.swift */ = {isa = PBXFileReference; lastKnownFileType = sourcecode.swift; path = MemoViewModel.swift; sourceTree = "<group>"; };
		3E5520A12B35A21F0032FD79 /* MemoListView.swift */ = {isa = PBXFileReference; lastKnownFileType = sourcecode.swift; path = MemoListView.swift; sourceTree = "<group>"; };
		3E5520A32B35A2310032FD79 /* MemoListViewModel.swift */ = {isa = PBXFileReference; lastKnownFileType = sourcecode.swift; path = MemoListViewModel.swift; sourceTree = "<group>"; };
		3E567E922B3C635B0062217F /* Double+Extension.swift */ = {isa = PBXFileReference; lastKnownFileType = sourcecode.swift; path = "Double+Extension.swift"; sourceTree = "<group>"; };
		3E567E942B3C82710062217F /* Info.plist */ = {isa = PBXFileReference; lastKnownFileType = text.plist; path = Info.plist; sourceTree = "<group>"; };
		3E6C67D82B66CD5800AF3E77 /* Time.swift */ = {isa = PBXFileReference; lastKnownFileType = sourcecode.swift; path = Time.swift; sourceTree = "<group>"; };
		3E6C67DA2B66CF9800AF3E77 /* Int+Extension.swift */ = {isa = PBXFileReference; lastKnownFileType = sourcecode.swift; path = "Int+Extension.swift"; sourceTree = "<group>"; };
		3E6C67DD2B6793DE00AF3E77 /* TimerView.swift */ = {isa = PBXFileReference; lastKnownFileType = sourcecode.swift; path = TimerView.swift; sourceTree = "<group>"; };
		3E6C67DF2B6793E600AF3E77 /* TimerViewModel.swift */ = {isa = PBXFileReference; lastKnownFileType = sourcecode.swift; path = TimerViewModel.swift; sourceTree = "<group>"; };
		3E6C67E22B67C7F300AF3E77 /* NotificationService.swift */ = {isa = PBXFileReference; lastKnownFileType = sourcecode.swift; path = NotificationService.swift; sourceTree = "<group>"; };
		3E6C67E52B67D60600AF3E77 /* SettingView.swift */ = {isa = PBXFileReference; lastKnownFileType = sourcecode.swift; path = SettingView.swift; sourceTree = "<group>"; };
		3E6C67E72B68140600AF3E77 /* Tab.swift */ = {isa = PBXFileReference; lastKnownFileType = sourcecode.swift; path = Tab.swift; sourceTree = "<group>"; };
		3E7C3F472B30505D00293C4C /* VoiceMemoApp.app */ = {isa = PBXFileReference; explicitFileType = wrapper.application; includeInIndex = 0; path = VoiceMemoApp.app; sourceTree = BUILT_PRODUCTS_DIR; };
		3E7C3F4A2B30505D00293C4C /* VoiceMemoAppApp.swift */ = {isa = PBXFileReference; lastKnownFileType = sourcecode.swift; path = VoiceMemoAppApp.swift; sourceTree = "<group>"; };
		3E7C3F4E2B30505E00293C4C /* Assets.xcassets */ = {isa = PBXFileReference; lastKnownFileType = folder.assetcatalog; path = Assets.xcassets; sourceTree = "<group>"; };
		3E7C3F512B30505E00293C4C /* Preview Assets.xcassets */ = {isa = PBXFileReference; lastKnownFileType = folder.assetcatalog; path = "Preview Assets.xcassets"; sourceTree = "<group>"; };
		3E7C3F5B2B306BD700293C4C /* AppDelegate.swift */ = {isa = PBXFileReference; lastKnownFileType = sourcecode.swift; path = AppDelegate.swift; sourceTree = "<group>"; };
		3ECDC7962B3AFEDC006FC29A /* HomeViewModel.swift */ = {isa = PBXFileReference; lastKnownFileType = sourcecode.swift; path = HomeViewModel.swift; sourceTree = "<group>"; };
		3ECDC7982B3AFEF1006FC29A /* VoiceRecorderView.swift */ = {isa = PBXFileReference; lastKnownFileType = sourcecode.swift; path = VoiceRecorderView.swift; sourceTree = "<group>"; };
		3ECDC79A2B3AFEFD006FC29A /* VoiceRecorderViewModel.swift */ = {isa = PBXFileReference; lastKnownFileType = sourcecode.swift; path = VoiceRecorderViewModel.swift; sourceTree = "<group>"; };
/* End PBXFileReference section */

/* Begin PBXFrameworksBuildPhase section */
		3E7C3F442B30505D00293C4C /* Frameworks */ = {
			isa = PBXFrameworksBuildPhase;
			buildActionMask = 2147483647;
			files = (
			);
			runOnlyForDeploymentPostprocessing = 0;
		};
/* End PBXFrameworksBuildPhase section */

/* Begin PBXGroup section */
		3E55206A2B3074450032FD79 /* Core */ = {
			isa = PBXGroup;
			children = (
				3E6C67E12B67C7D500AF3E77 /* Service */,
				3E55206B2B3074540032FD79 /* Extension */,
			);
			path = Core;
			sourceTree = "<group>";
		};
		3E55206B2B3074540032FD79 /* Extension */ = {
			isa = PBXGroup;
			children = (
				3E55206C2B3074680032FD79 /* Color+Extensions.swift */,
				3E5520842B343C970032FD79 /* Date+Extension.swift */,
				3E567E922B3C635B0062217F /* Double+Extension.swift */,
				3E6C67DA2B66CF9800AF3E77 /* Int+Extension.swift */,
			);
			path = Extension;
			sourceTree = "<group>";
		};
		3E55206E2B3075490032FD79 /* Model */ = {
			isa = PBXGroup;
			children = (
				3E5520782B341D370032FD79 /* Path */,
				3E55206F2B3075540032FD79 /* Onboarding */,
				3E55207D2B34219B0032FD79 /* Home */,
				3E55207E2B3421A40032FD79 /* Todo */,
				3E55207F2B3421AB0032FD79 /* Memo */,
				3E5520802B3421B50032FD79 /* Timer */,
			);
			path = Model;
			sourceTree = "<group>";
		};
		3E55206F2B3075540032FD79 /* Onboarding */ = {
			isa = PBXGroup;
			children = (
				3E5520702B3075670032FD79 /* OnboardingContent.swift */,
			);
			path = Onboarding;
			sourceTree = "<group>";
		};
		3E5520722B307A430032FD79 /* Feature */ = {
			isa = PBXGroup;
			children = (
				3E5520732B307A540032FD79 /* Onboarding */,
				3E5520832B3421E60032FD79 /* Home */,
			);
			path = Feature;
			sourceTree = "<group>";
		};
		3E5520732B307A540032FD79 /* Onboarding */ = {
			isa = PBXGroup;
			children = (
				3E5520742B307A5F0032FD79 /* OnboardingView.swift */,
				3E5520762B307A6E0032FD79 /* OnboardingViewModel.swift */,
			);
			path = Onboarding;
			sourceTree = "<group>";
		};
		3E5520782B341D370032FD79 /* Path */ = {
			isa = PBXGroup;
			children = (
				3E5520792B341D420032FD79 /* Path.swift */,
				3E55207B2B341D4D0032FD79 /* PathType.swift */,
			);
			path = Path;
			sourceTree = "<group>";
		};
		3E55207D2B34219B0032FD79 /* Home */ = {
			isa = PBXGroup;
			children = (
				3E6C67E72B68140600AF3E77 /* Tab.swift */,
			);
			path = Home;
			sourceTree = "<group>";
		};
		3E55207E2B3421A40032FD79 /* Todo */ = {
			isa = PBXGroup;
			children = (
				3E55208D2B345AB60032FD79 /* Todo.swift */,
			);
			path = Todo;
			sourceTree = "<group>";
		};
		3E55207F2B3421AB0032FD79 /* Memo */ = {
			isa = PBXGroup;
			children = (
				3E5520992B35A13D0032FD79 /* Memo.swift */,
			);
			path = Memo;
			sourceTree = "<group>";
		};
		3E5520802B3421B50032FD79 /* Timer */ = {
			isa = PBXGroup;
			children = (
				3E6C67D82B66CD5800AF3E77 /* Time.swift */,
			);
			path = Timer;
			sourceTree = "<group>";
		};
		3E5520832B3421E60032FD79 /* Home */ = {
			isa = PBXGroup;
			children = (
				3E5520812B3421D20032FD79 /* HomeView.swift */,
				3ECDC7962B3AFEDC006FC29A /* HomeViewModel.swift */,
				3E55208F2B345BDE0032FD79 /* TodoList */,
				3E55209B2B35A1AA0032FD79 /* MemoList */,
				3ECDC7952B3AFE72006FC29A /* VoceRecorder */,
				3E6C67DC2B6793C100AF3E77 /* Timer */,
				3E6C67E42B67D55C00AF3E77 /* Setting */,
			);
			path = Home;
			sourceTree = "<group>";
		};
		3E5520862B3442D20032FD79 /* Component */ = {
			isa = PBXGroup;
			children = (
				3E5520872B3442EB0032FD79 /* CustomView */,
				3E5520882B3442F10032FD79 /* NavigationBar */,
			);
			path = Component;
			sourceTree = "<group>";
		};
		3E5520872B3442EB0032FD79 /* CustomView */ = {
			isa = PBXGroup;
			children = (
			);
			path = CustomView;
			sourceTree = "<group>";
		};
		3E5520882B3442F10032FD79 /* NavigationBar */ = {
			isa = PBXGroup;
			children = (
				3E5520892B3443120032FD79 /* CustomNavigationBar.swift */,
				3E55208B2B3443570032FD79 /* NavigationBtnType.swift */,
			);
			path = NavigationBar;
			sourceTree = "<group>";
		};
		3E55208F2B345BDE0032FD79 /* TodoList */ = {
			isa = PBXGroup;
			children = (
				3E5520952B345C390032FD79 /* TodoListView.swift */,
				3E5520972B345C450032FD79 /* TodoListViewModel.swift */,
				3E5520902B345BED0032FD79 /* Todo */,
			);
			path = TodoList;
			sourceTree = "<group>";
		};
		3E5520902B345BED0032FD79 /* Todo */ = {
			isa = PBXGroup;
			children = (
				3E5520912B345C170032FD79 /* TodoView.swift */,
				3E5520932B345C270032FD79 /* TodoViewModel.swift */,
			);
			path = Todo;
			sourceTree = "<group>";
		};
		3E55209B2B35A1AA0032FD79 /* MemoList */ = {
			isa = PBXGroup;
			children = (
				3E5520A12B35A21F0032FD79 /* MemoListView.swift */,
				3E5520A32B35A2310032FD79 /* MemoListViewModel.swift */,
				3E55209C2B35A1F80032FD79 /* Memo */,
			);
			path = MemoList;
			sourceTree = "<group>";
		};
		3E55209C2B35A1F80032FD79 /* Memo */ = {
			isa = PBXGroup;
			children = (
				3E55209D2B35A2090032FD79 /* MemoView.swift */,
				3E55209F2B35A2140032FD79 /* MemoViewModel.swift */,
			);
			path = Memo;
			sourceTree = "<group>";
		};
		3E6C67DC2B6793C100AF3E77 /* Timer */ = {
			isa = PBXGroup;
			children = (
				3E6C67DD2B6793DE00AF3E77 /* TimerView.swift */,
				3E6C67DF2B6793E600AF3E77 /* TimerViewModel.swift */,
			);
			path = Timer;
			sourceTree = "<group>";
		};
		3E6C67E12B67C7D500AF3E77 /* Service */ = {
			isa = PBXGroup;
			children = (
				3E6C67E22B67C7F300AF3E77 /* NotificationService.swift */,
			);
			path = Service;
			sourceTree = "<group>";
		};
		3E6C67E42B67D55C00AF3E77 /* Setting */ = {
			isa = PBXGroup;
			children = (
				3E6C67E52B67D60600AF3E77 /* SettingView.swift */,
			);
			path = Setting;
			sourceTree = "<group>";
		};
		3E7C3F3E2B30505D00293C4C = {
			isa = PBXGroup;
			children = (
				3E7C3F492B30505D00293C4C /* VoiceMemoApp */,
				3E7C3F482B30505D00293C4C /* Products */,
			);
			sourceTree = "<group>";
		};
		3E7C3F482B30505D00293C4C /* Products */ = {
			isa = PBXGroup;
			children = (
				3E7C3F472B30505D00293C4C /* VoiceMemoApp.app */,
			);
			name = Products;
			sourceTree = "<group>";
		};
		3E7C3F492B30505D00293C4C /* VoiceMemoApp */ = {
			isa = PBXGroup;
			children = (
				3E567E942B3C82710062217F /* Info.plist */,
				3E7C3F5A2B306BC200293C4C /* App */,
				3E55206A2B3074450032FD79 /* Core */,
				3E5520862B3442D20032FD79 /* Component */,
				3E5520722B307A430032FD79 /* Feature */,
				3E55206E2B3075490032FD79 /* Model */,
				3E7C3F4E2B30505E00293C4C /* Assets.xcassets */,
				3E7C3F502B30505E00293C4C /* Preview Content */,
			);
			path = VoiceMemoApp;
			sourceTree = "<group>";
		};
		3E7C3F502B30505E00293C4C /* Preview Content */ = {
			isa = PBXGroup;
			children = (
				3E7C3F512B30505E00293C4C /* Preview Assets.xcassets */,
			);
			path = "Preview Content";
			sourceTree = "<group>";
		};
		3E7C3F5A2B306BC200293C4C /* App */ = {
			isa = PBXGroup;
			children = (
				3E7C3F4A2B30505D00293C4C /* VoiceMemoAppApp.swift */,
				3E7C3F5B2B306BD700293C4C /* AppDelegate.swift */,
				3E0FC5902B3070B200EF5489 /* LaunchScreen.storyboard */,
			);
			path = App;
			sourceTree = "<group>";
		};
		3ECDC7952B3AFE72006FC29A /* VoceRecorder */ = {
			isa = PBXGroup;
			children = (
				3ECDC7982B3AFEF1006FC29A /* VoiceRecorderView.swift */,
				3ECDC79A2B3AFEFD006FC29A /* VoiceRecorderViewModel.swift */,
			);
			path = VoceRecorder;
			sourceTree = "<group>";
		};
/* End PBXGroup section */

/* Begin PBXNativeTarget section */
		3E7C3F462B30505D00293C4C /* VoiceMemoApp */ = {
			isa = PBXNativeTarget;
			buildConfigurationList = 3E7C3F552B30505E00293C4C /* Build configuration list for PBXNativeTarget "VoiceMemoApp" */;
			buildPhases = (
				3E7C3F432B30505D00293C4C /* Sources */,
				3E7C3F442B30505D00293C4C /* Frameworks */,
				3E7C3F452B30505D00293C4C /* Resources */,
			);
			buildRules = (
			);
			dependencies = (
			);
			name = VoiceMemoApp;
			productName = VoiceMemoApp;
			productReference = 3E7C3F472B30505D00293C4C /* VoiceMemoApp.app */;
			productType = "com.apple.product-type.application";
		};
/* End PBXNativeTarget section */

/* Begin PBXProject section */
		3E7C3F3F2B30505D00293C4C /* Project object */ = {
			isa = PBXProject;
			attributes = {
				BuildIndependentTargetsInParallel = 1;
				LastSwiftUpdateCheck = 1510;
				LastUpgradeCheck = 1510;
				TargetAttributes = {
					3E7C3F462B30505D00293C4C = {
						CreatedOnToolsVersion = 15.1;
					};
				};
			};
			buildConfigurationList = 3E7C3F422B30505D00293C4C /* Build configuration list for PBXProject "VoiceMemoApp" */;
			compatibilityVersion = "Xcode 14.0";
			developmentRegion = en;
			hasScannedForEncodings = 0;
			knownRegions = (
				en,
				Base,
			);
			mainGroup = 3E7C3F3E2B30505D00293C4C;
			productRefGroup = 3E7C3F482B30505D00293C4C /* Products */;
			projectDirPath = "";
			projectRoot = "";
			targets = (
				3E7C3F462B30505D00293C4C /* VoiceMemoApp */,
			);
		};
/* End PBXProject section */

/* Begin PBXResourcesBuildPhase section */
		3E7C3F452B30505D00293C4C /* Resources */ = {
			isa = PBXResourcesBuildPhase;
			buildActionMask = 2147483647;
			files = (
				3E0FC5912B3070B200EF5489 /* LaunchScreen.storyboard in Resources */,
				3E7C3F522B30505E00293C4C /* Preview Assets.xcassets in Resources */,
				3E7C3F4F2B30505E00293C4C /* Assets.xcassets in Resources */,
			);
			runOnlyForDeploymentPostprocessing = 0;
		};
/* End PBXResourcesBuildPhase section */

/* Begin PBXSourcesBuildPhase section */
		3E7C3F432B30505D00293C4C /* Sources */ = {
			isa = PBXSourcesBuildPhase;
			buildActionMask = 2147483647;
			files = (
				3E6C67DE2B6793DE00AF3E77 /* TimerView.swift in Sources */,
				3E5520942B345C270032FD79 /* TodoViewModel.swift in Sources */,
				3E55208A2B3443120032FD79 /* CustomNavigationBar.swift in Sources */,
				3E5520A22B35A21F0032FD79 /* MemoListView.swift in Sources */,
				3ECDC7992B3AFEF1006FC29A /* VoiceRecorderView.swift in Sources */,
				3E6C67E62B67D60600AF3E77 /* SettingView.swift in Sources */,
				3E7C3F5C2B306BD700293C4C /* AppDelegate.swift in Sources */,
				3E5520852B343C970032FD79 /* Date+Extension.swift in Sources */,
				3E6C67E32B67C7F300AF3E77 /* NotificationService.swift in Sources */,
				3E5520982B345C450032FD79 /* TodoListViewModel.swift in Sources */,
				3E5520A42B35A2310032FD79 /* MemoListViewModel.swift in Sources */,
				3E5520712B3075670032FD79 /* OnboardingContent.swift in Sources */,
				3ECDC79B2B3AFEFD006FC29A /* VoiceRecorderViewModel.swift in Sources */,
				3E55207C2B341D4D0032FD79 /* PathType.swift in Sources */,
				3E55208C2B3443570032FD79 /* NavigationBtnType.swift in Sources */,
				3E5520962B345C390032FD79 /* TodoListView.swift in Sources */,
				3E5520822B3421D20032FD79 /* HomeView.swift in Sources */,
				3E55209E2B35A2090032FD79 /* MemoView.swift in Sources */,
				3E55208E2B345AB60032FD79 /* Todo.swift in Sources */,
				3E55209A2B35A13D0032FD79 /* Memo.swift in Sources */,
				3E55207A2B341D420032FD79 /* Path.swift in Sources */,
				3E5520A02B35A2140032FD79 /* MemoViewModel.swift in Sources */,
				3E6C67DB2B66CF9800AF3E77 /* Int+Extension.swift in Sources */,
				3E567E932B3C635B0062217F /* Double+Extension.swift in Sources */,
				3E5520752B307A5F0032FD79 /* OnboardingView.swift in Sources */,
				3ECDC7972B3AFEDC006FC29A /* HomeViewModel.swift in Sources */,
				3E6C67D92B66CD5800AF3E77 /* Time.swift in Sources */,
				3E6C67E82B68140600AF3E77 /* Tab.swift in Sources */,
				3E7C3F4B2B30505D00293C4C /* VoiceMemoAppApp.swift in Sources */,
				3E5520922B345C170032FD79 /* TodoView.swift in Sources */,
				3E5520772B307A6E0032FD79 /* OnboardingViewModel.swift in Sources */,
				3E6C67E02B6793E600AF3E77 /* TimerViewModel.swift in Sources */,
				3E55206D2B3074680032FD79 /* Color+Extensions.swift in Sources */,
			);
			runOnlyForDeploymentPostprocessing = 0;
		};
/* End PBXSourcesBuildPhase section */

/* Begin XCBuildConfiguration section */
		3E7C3F532B30505E00293C4C /* Debug */ = {
			isa = XCBuildConfiguration;
			buildSettings = {
				ALWAYS_SEARCH_USER_PATHS = NO;
				ASSETCATALOG_COMPILER_GENERATE_SWIFT_ASSET_SYMBOL_EXTENSIONS = YES;
				CLANG_ANALYZER_NONNULL = YES;
				CLANG_ANALYZER_NUMBER_OBJECT_CONVERSION = YES_AGGRESSIVE;
				CLANG_CXX_LANGUAGE_STANDARD = "gnu++20";
				CLANG_ENABLE_MODULES = YES;
				CLANG_ENABLE_OBJC_ARC = YES;
				CLANG_ENABLE_OBJC_WEAK = YES;
				CLANG_WARN_BLOCK_CAPTURE_AUTORELEASING = YES;
				CLANG_WARN_BOOL_CONVERSION = YES;
				CLANG_WARN_COMMA = YES;
				CLANG_WARN_CONSTANT_CONVERSION = YES;
				CLANG_WARN_DEPRECATED_OBJC_IMPLEMENTATIONS = YES;
				CLANG_WARN_DIRECT_OBJC_ISA_USAGE = YES_ERROR;
				CLANG_WARN_DOCUMENTATION_COMMENTS = YES;
				CLANG_WARN_EMPTY_BODY = YES;
				CLANG_WARN_ENUM_CONVERSION = YES;
				CLANG_WARN_INFINITE_RECURSION = YES;
				CLANG_WARN_INT_CONVERSION = YES;
				CLANG_WARN_NON_LITERAL_NULL_CONVERSION = YES;
				CLANG_WARN_OBJC_IMPLICIT_RETAIN_SELF = YES;
				CLANG_WARN_OBJC_LITERAL_CONVERSION = YES;
				CLANG_WARN_OBJC_ROOT_CLASS = YES_ERROR;
				CLANG_WARN_QUOTED_INCLUDE_IN_FRAMEWORK_HEADER = YES;
				CLANG_WARN_RANGE_LOOP_ANALYSIS = YES;
				CLANG_WARN_STRICT_PROTOTYPES = YES;
				CLANG_WARN_SUSPICIOUS_MOVE = YES;
				CLANG_WARN_UNGUARDED_AVAILABILITY = YES_AGGRESSIVE;
				CLANG_WARN_UNREACHABLE_CODE = YES;
				CLANG_WARN__DUPLICATE_METHOD_MATCH = YES;
				COPY_PHASE_STRIP = NO;
				DEBUG_INFORMATION_FORMAT = dwarf;
				ENABLE_STRICT_OBJC_MSGSEND = YES;
				ENABLE_TESTABILITY = YES;
				ENABLE_USER_SCRIPT_SANDBOXING = YES;
				GCC_C_LANGUAGE_STANDARD = gnu17;
				GCC_DYNAMIC_NO_PIC = NO;
				GCC_NO_COMMON_BLOCKS = YES;
				GCC_OPTIMIZATION_LEVEL = 0;
				GCC_PREPROCESSOR_DEFINITIONS = (
					"DEBUG=1",
					"$(inherited)",
				);
				GCC_WARN_64_TO_32_BIT_CONVERSION = YES;
				GCC_WARN_ABOUT_RETURN_TYPE = YES_ERROR;
				GCC_WARN_UNDECLARED_SELECTOR = YES;
				GCC_WARN_UNINITIALIZED_AUTOS = YES_AGGRESSIVE;
				GCC_WARN_UNUSED_FUNCTION = YES;
				GCC_WARN_UNUSED_VARIABLE = YES;
				IPHONEOS_DEPLOYMENT_TARGET = 17.2;
				LOCALIZATION_PREFERS_STRING_CATALOGS = YES;
				MTL_ENABLE_DEBUG_INFO = INCLUDE_SOURCE;
				MTL_FAST_MATH = YES;
				ONLY_ACTIVE_ARCH = YES;
				SDKROOT = iphoneos;
				SWIFT_ACTIVE_COMPILATION_CONDITIONS = "DEBUG $(inherited)";
				SWIFT_OPTIMIZATION_LEVEL = "-Onone";
			};
			name = Debug;
		};
		3E7C3F542B30505E00293C4C /* Release */ = {
			isa = XCBuildConfiguration;
			buildSettings = {
				ALWAYS_SEARCH_USER_PATHS = NO;
				ASSETCATALOG_COMPILER_GENERATE_SWIFT_ASSET_SYMBOL_EXTENSIONS = YES;
				CLANG_ANALYZER_NONNULL = YES;
				CLANG_ANALYZER_NUMBER_OBJECT_CONVERSION = YES_AGGRESSIVE;
				CLANG_CXX_LANGUAGE_STANDARD = "gnu++20";
				CLANG_ENABLE_MODULES = YES;
				CLANG_ENABLE_OBJC_ARC = YES;
				CLANG_ENABLE_OBJC_WEAK = YES;
				CLANG_WARN_BLOCK_CAPTURE_AUTORELEASING = YES;
				CLANG_WARN_BOOL_CONVERSION = YES;
				CLANG_WARN_COMMA = YES;
				CLANG_WARN_CONSTANT_CONVERSION = YES;
				CLANG_WARN_DEPRECATED_OBJC_IMPLEMENTATIONS = YES;
				CLANG_WARN_DIRECT_OBJC_ISA_USAGE = YES_ERROR;
				CLANG_WARN_DOCUMENTATION_COMMENTS = YES;
				CLANG_WARN_EMPTY_BODY = YES;
				CLANG_WARN_ENUM_CONVERSION = YES;
				CLANG_WARN_INFINITE_RECURSION = YES;
				CLANG_WARN_INT_CONVERSION = YES;
				CLANG_WARN_NON_LITERAL_NULL_CONVERSION = YES;
				CLANG_WARN_OBJC_IMPLICIT_RETAIN_SELF = YES;
				CLANG_WARN_OBJC_LITERAL_CONVERSION = YES;
				CLANG_WARN_OBJC_ROOT_CLASS = YES_ERROR;
				CLANG_WARN_QUOTED_INCLUDE_IN_FRAMEWORK_HEADER = YES;
				CLANG_WARN_RANGE_LOOP_ANALYSIS = YES;
				CLANG_WARN_STRICT_PROTOTYPES = YES;
				CLANG_WARN_SUSPICIOUS_MOVE = YES;
				CLANG_WARN_UNGUARDED_AVAILABILITY = YES_AGGRESSIVE;
				CLANG_WARN_UNREACHABLE_CODE = YES;
				CLANG_WARN__DUPLICATE_METHOD_MATCH = YES;
				COPY_PHASE_STRIP = NO;
				DEBUG_INFORMATION_FORMAT = "dwarf-with-dsym";
				ENABLE_NS_ASSERTIONS = NO;
				ENABLE_STRICT_OBJC_MSGSEND = YES;
				ENABLE_USER_SCRIPT_SANDBOXING = YES;
				GCC_C_LANGUAGE_STANDARD = gnu17;
				GCC_NO_COMMON_BLOCKS = YES;
				GCC_WARN_64_TO_32_BIT_CONVERSION = YES;
				GCC_WARN_ABOUT_RETURN_TYPE = YES_ERROR;
				GCC_WARN_UNDECLARED_SELECTOR = YES;
				GCC_WARN_UNINITIALIZED_AUTOS = YES_AGGRESSIVE;
				GCC_WARN_UNUSED_FUNCTION = YES;
				GCC_WARN_UNUSED_VARIABLE = YES;
				IPHONEOS_DEPLOYMENT_TARGET = 17.2;
				LOCALIZATION_PREFERS_STRING_CATALOGS = YES;
				MTL_ENABLE_DEBUG_INFO = NO;
				MTL_FAST_MATH = YES;
				SDKROOT = iphoneos;
				SWIFT_COMPILATION_MODE = wholemodule;
				VALIDATE_PRODUCT = YES;
			};
			name = Release;
		};
		3E7C3F562B30505E00293C4C /* Debug */ = {
			isa = XCBuildConfiguration;
			buildSettings = {
				ASSETCATALOG_COMPILER_APPICON_NAME = AppIcon;
				ASSETCATALOG_COMPILER_GLOBAL_ACCENT_COLOR_NAME = AccentColor;
				CODE_SIGN_STYLE = Automatic;
				CURRENT_PROJECT_VERSION = 1;
				DEVELOPMENT_ASSET_PATHS = "\"VoiceMemoApp/Preview Content\"";
				DEVELOPMENT_TEAM = GZMCL5Q7N2;
				ENABLE_PREVIEWS = YES;
				GENERATE_INFOPLIST_FILE = YES;
				INFOPLIST_FILE = VoiceMemoApp/Info.plist;
				INFOPLIST_KEY_LSApplicationCategoryType = "public.app-category.utilities";
				INFOPLIST_KEY_NSMicrophoneUsageDescription = "녹음을 위해 사용합니다";
				INFOPLIST_KEY_UIApplicationSceneManifest_Generation = YES;
				INFOPLIST_KEY_UIApplicationSupportsIndirectInputEvents = YES;
				INFOPLIST_KEY_UILaunchScreen_Generation = YES;
				INFOPLIST_KEY_UILaunchStoryboardName = LaunchScreen.storyboard;
				INFOPLIST_KEY_UIStatusBarStyle = UIStatusBarStyleLightContent;
				INFOPLIST_KEY_UISupportedInterfaceOrientations = UIInterfaceOrientationPortrait;
				IPHONEOS_DEPLOYMENT_TARGET = 16.0;
				LD_RUNPATH_SEARCH_PATHS = (
					"$(inherited)",
					"@executable_path/Frameworks",
				);
				MARKETING_VERSION = 1.0;
				PRODUCT_BUNDLE_IDENTIFIER = com.bokyung.VoiceMemoApp;
				PRODUCT_NAME = "$(TARGET_NAME)";
				SWIFT_EMIT_LOC_STRINGS = YES;
				SWIFT_VERSION = 5.0;
				TARGETED_DEVICE_FAMILY = "1,2";
			};
			name = Debug;
		};
		3E7C3F572B30505E00293C4C /* Release */ = {
			isa = XCBuildConfiguration;
			buildSettings = {
				ASSETCATALOG_COMPILER_APPICON_NAME = AppIcon;
				ASSETCATALOG_COMPILER_GLOBAL_ACCENT_COLOR_NAME = AccentColor;
				CODE_SIGN_STYLE = Automatic;
				CURRENT_PROJECT_VERSION = 1;
				DEVELOPMENT_ASSET_PATHS = "\"VoiceMemoApp/Preview Content\"";
				DEVELOPMENT_TEAM = GZMCL5Q7N2;
				ENABLE_PREVIEWS = YES;
				GENERATE_INFOPLIST_FILE = YES;
				INFOPLIST_FILE = VoiceMemoApp/Info.plist;
				INFOPLIST_KEY_LSApplicationCategoryType = "public.app-category.utilities";
				INFOPLIST_KEY_NSMicrophoneUsageDescription = "녹음을 위해 사용합니다";
				INFOPLIST_KEY_UIApplicationSceneManifest_Generation = YES;
				INFOPLIST_KEY_UIApplicationSupportsIndirectInputEvents = YES;
				INFOPLIST_KEY_UILaunchScreen_Generation = YES;
				INFOPLIST_KEY_UILaunchStoryboardName = LaunchScreen.storyboard;
				INFOPLIST_KEY_UIStatusBarStyle = UIStatusBarStyleLightContent;
				INFOPLIST_KEY_UISupportedInterfaceOrientations = UIInterfaceOrientationPortrait;
				IPHONEOS_DEPLOYMENT_TARGET = 16.0;
				LD_RUNPATH_SEARCH_PATHS = (
					"$(inherited)",
					"@executable_path/Frameworks",
				);
				MARKETING_VERSION = 1.0;
				PRODUCT_BUNDLE_IDENTIFIER = com.bokyung.VoiceMemoApp;
				PRODUCT_NAME = "$(TARGET_NAME)";
				SWIFT_EMIT_LOC_STRINGS = YES;
				SWIFT_VERSION = 5.0;
				TARGETED_DEVICE_FAMILY = "1,2";
			};
			name = Release;
		};
/* End XCBuildConfiguration section */

/* Begin XCConfigurationList section */
		3E7C3F422B30505D00293C4C /* Build configuration list for PBXProject "VoiceMemoApp" */ = {
			isa = XCConfigurationList;
			buildConfigurations = (
				3E7C3F532B30505E00293C4C /* Debug */,
				3E7C3F542B30505E00293C4C /* Release */,
			);
			defaultConfigurationIsVisible = 0;
			defaultConfigurationName = Release;
		};
		3E7C3F552B30505E00293C4C /* Build configuration list for PBXNativeTarget "VoiceMemoApp" */ = {
			isa = XCConfigurationList;
			buildConfigurations = (
				3E7C3F562B30505E00293C4C /* Debug */,
				3E7C3F572B30505E00293C4C /* Release */,
			);
			defaultConfigurationIsVisible = 0;
			defaultConfigurationName = Release;
		};
/* End XCConfigurationList section */
	};
	rootObject = 3E7C3F3F2B30505D00293C4C /* Project object */;
}
